// !$*UTF8*$!
{
	archiveVersion = 1;
	classes = {
	};
	objectVersion = 51;
	objects = {

/* Begin PBXBuildFile section */
		1844BBB923EB6C5000A4BF6A /* AppDelegate.swift in Sources */ = {isa = PBXBuildFile; fileRef = 1844BBB823EB6C5000A4BF6A /* AppDelegate.swift */; };
		1844BBC223EB6C5300A4BF6A /* Assets.xcassets in Resources */ = {isa = PBXBuildFile; fileRef = 1844BBC123EB6C5300A4BF6A /* Assets.xcassets */; };
		1844BBC523EB6C5300A4BF6A /* LaunchScreen.storyboard in Resources */ = {isa = PBXBuildFile; fileRef = 1844BBC323EB6C5300A4BF6A /* LaunchScreen.storyboard */; };
		1844BBD023EB6C5300A4BF6A /* RecipiesTests.swift in Sources */ = {isa = PBXBuildFile; fileRef = 1844BBCF23EB6C5300A4BF6A /* RecipiesTests.swift */; };
		1844BBF123EB6DD000A4BF6A /* StoryboardHelper.swift in Sources */ = {isa = PBXBuildFile; fileRef = 1844BBF023EB6DD000A4BF6A /* StoryboardHelper.swift */; };
		1844BBFE23EB6EAD00A4BF6A /* ListPresenter.swift in Sources */ = {isa = PBXBuildFile; fileRef = 1844BBF423EB6EAD00A4BF6A /* ListPresenter.swift */; };
		1844BBFF23EB6EAD00A4BF6A /* ListViewController.swift in Sources */ = {isa = PBXBuildFile; fileRef = 1844BBF623EB6EAD00A4BF6A /* ListViewController.swift */; };
		1844BC0023EB6EAD00A4BF6A /* List.storyboard in Resources */ = {isa = PBXBuildFile; fileRef = 1844BBF723EB6EAD00A4BF6A /* List.storyboard */; };
		1844BC0123EB6EAD00A4BF6A /* ListProtocols.swift in Sources */ = {isa = PBXBuildFile; fileRef = 1844BBF923EB6EAD00A4BF6A /* ListProtocols.swift */; };
		1844BC0223EB6EAD00A4BF6A /* ListInteractor.swift in Sources */ = {isa = PBXBuildFile; fileRef = 1844BBFB23EB6EAD00A4BF6A /* ListInteractor.swift */; };
		1844BC0323EB6EAD00A4BF6A /* ListRouter.swift in Sources */ = {isa = PBXBuildFile; fileRef = 1844BBFD23EB6EAD00A4BF6A /* ListRouter.swift */; };
		1844BC0723EB701900A4BF6A /* RecipeResponse.swift in Sources */ = {isa = PBXBuildFile; fileRef = 1844BC0623EB701900A4BF6A /* RecipeResponse.swift */; };
		1844BC0A23EB70F000A4BF6A /* RecipeRepository.swift in Sources */ = {isa = PBXBuildFile; fileRef = 1844BC0923EB70F000A4BF6A /* RecipeRepository.swift */; };
		1844BC1123EB731500A4BF6A /* MockingRecipeRepository.swift in Sources */ = {isa = PBXBuildFile; fileRef = 1844BC1023EB731500A4BF6A /* MockingRecipeRepository.swift */; };
		1844BC1723EB7A2500A4BF6A /* RecipeViewModel.swift in Sources */ = {isa = PBXBuildFile; fileRef = 1844BC1623EB7A2500A4BF6A /* RecipeViewModel.swift */; };
		1844BC1C23EB84DF00A4BF6A /* RecipeCell.xib in Resources */ = {isa = PBXBuildFile; fileRef = 1844BC1B23EB84DF00A4BF6A /* RecipeCell.xib */; };
		1844BC1E23EB850E00A4BF6A /* RecipeCell.swift in Sources */ = {isa = PBXBuildFile; fileRef = 1844BC1D23EB850E00A4BF6A /* RecipeCell.swift */; };
		1844BC2023EB856200A4BF6A /* NibReusable.swift in Sources */ = {isa = PBXBuildFile; fileRef = 1844BC1F23EB856200A4BF6A /* NibReusable.swift */; };
		1873678D23ED32560094483D /* test4.json in Resources */ = {isa = PBXBuildFile; fileRef = 1873678923ED32550094483D /* test4.json */; };
		1873678E23ED32560094483D /* test3.json in Resources */ = {isa = PBXBuildFile; fileRef = 1873678A23ED32550094483D /* test3.json */; };
		1873678F23ED32560094483D /* test1.json in Resources */ = {isa = PBXBuildFile; fileRef = 1873678B23ED32550094483D /* test1.json */; };
		1873679023ED32560094483D /* test2.json in Resources */ = {isa = PBXBuildFile; fileRef = 1873678C23ED32560094483D /* test2.json */; };
		1873679323EDE32A0094483D /* SearchFormatterInteractor.swift in Sources */ = {isa = PBXBuildFile; fileRef = 1873679223EDE32A0094483D /* SearchFormatterInteractor.swift */; };
		187367A423EDEB6C0094483D /* DetailPresenter.swift in Sources */ = {isa = PBXBuildFile; fileRef = 1873679A23EDEB6C0094483D /* DetailPresenter.swift */; };
		187367A523EDEB6C0094483D /* Detail.storyboard in Resources */ = {isa = PBXBuildFile; fileRef = 1873679C23EDEB6C0094483D /* Detail.storyboard */; };
		187367A623EDEB6C0094483D /* DetailViewController.swift in Sources */ = {isa = PBXBuildFile; fileRef = 1873679D23EDEB6C0094483D /* DetailViewController.swift */; };
		187367A723EDEB6C0094483D /* DetailProtocols.swift in Sources */ = {isa = PBXBuildFile; fileRef = 1873679F23EDEB6C0094483D /* DetailProtocols.swift */; };
		187367A823EDEB6C0094483D /* DetailInteractor.swift in Sources */ = {isa = PBXBuildFile; fileRef = 187367A123EDEB6C0094483D /* DetailInteractor.swift */; };
		187367A923EDEB6C0094483D /* DetailRouter.swift in Sources */ = {isa = PBXBuildFile; fileRef = 187367A323EDEB6C0094483D /* DetailRouter.swift */; };
		187CBF7123EE12EF001AED72 /* Database.framework in Frameworks */ = {isa = PBXBuildFile; fileRef = 187CBF6823EE12EF001AED72 /* Database.framework */; };
		187CBF7823EE12EF001AED72 /* DatabaseTests.swift in Sources */ = {isa = PBXBuildFile; fileRef = 187CBF7723EE12EF001AED72 /* DatabaseTests.swift */; };
		187CBF7A23EE12EF001AED72 /* Database.h in Headers */ = {isa = PBXBuildFile; fileRef = 187CBF6A23EE12EF001AED72 /* Database.h */; settings = {ATTRIBUTES = (Public, ); }; };
		187CBF7D23EE12EF001AED72 /* Database.framework in Frameworks */ = {isa = PBXBuildFile; fileRef = 187CBF6823EE12EF001AED72 /* Database.framework */; };
		187CBF7E23EE12EF001AED72 /* Database.framework in Embed Frameworks */ = {isa = PBXBuildFile; fileRef = 187CBF6823EE12EF001AED72 /* Database.framework */; settings = {ATTRIBUTES = (CodeSignOnCopy, RemoveHeadersOnCopy, ); }; };
		187CBF8923EE148E001AED72 /* RealmService.swift in Sources */ = {isa = PBXBuildFile; fileRef = 187CBF8823EE148E001AED72 /* RealmService.swift */; };
		187CBF8B23EE14C8001AED72 /* RealmServiceError.swift in Sources */ = {isa = PBXBuildFile; fileRef = 187CBF8A23EE14C8001AED72 /* RealmServiceError.swift */; };
		187E128223EEA17800B544F3 /* RealmRecipe.swift in Sources */ = {isa = PBXBuildFile; fileRef = 187E128123EEA17800B544F3 /* RealmRecipe.swift */; };
		187E129123EEA31300B544F3 /* Core.framework in Frameworks */ = {isa = PBXBuildFile; fileRef = 187E128823EEA31300B544F3 /* Core.framework */; };
		187E129823EEA31300B544F3 /* CoreTests.swift in Sources */ = {isa = PBXBuildFile; fileRef = 187E129723EEA31300B544F3 /* CoreTests.swift */; };
		187E129A23EEA31300B544F3 /* Core.h in Headers */ = {isa = PBXBuildFile; fileRef = 187E128A23EEA31300B544F3 /* Core.h */; settings = {ATTRIBUTES = (Public, ); }; };
		187E129D23EEA31300B544F3 /* Core.framework in Frameworks */ = {isa = PBXBuildFile; fileRef = 187E128823EEA31300B544F3 /* Core.framework */; };
		187E129E23EEA31300B544F3 /* Core.framework in Embed Frameworks */ = {isa = PBXBuildFile; fileRef = 187E128823EEA31300B544F3 /* Core.framework */; settings = {ATTRIBUTES = (CodeSignOnCopy, RemoveHeadersOnCopy, ); }; };
		187E12A523EEA3C700B544F3 /* Recipe.swift in Sources */ = {isa = PBXBuildFile; fileRef = 1844BC0C23EB712C00A4BF6A /* Recipe.swift */; };
		4D41CAA538FC6287B5D4E52E /* Pods_RecipiesTests.framework in Frameworks */ = {isa = PBXBuildFile; fileRef = 6CCB34B96B3681CCA014DB3B /* Pods_RecipiesTests.framework */; };
		940978B141987277B592DA90 /* Pods_Recipies.framework in Frameworks */ = {isa = PBXBuildFile; fileRef = 92A3CAF516A2B632BC7D7FF5 /* Pods_Recipies.framework */; };
		C65A764E8A8273D4157DB5E2 /* Pods_DatabaseTests.framework in Frameworks */ = {isa = PBXBuildFile; fileRef = 30745114B0C1E77BDE92724D /* Pods_DatabaseTests.framework */; };
		FC4AC46BBFD413FBBCBEA76E /* Pods_Database.framework in Frameworks */ = {isa = PBXBuildFile; fileRef = 7E7F5DA966D78AA10741C162 /* Pods_Database.framework */; };
/* End PBXBuildFile section */

/* Begin PBXContainerItemProxy section */
		1844BBCC23EB6C5300A4BF6A /* PBXContainerItemProxy */ = {
			isa = PBXContainerItemProxy;
			containerPortal = 1844BBAD23EB6C5000A4BF6A /* Project object */;
			proxyType = 1;
			remoteGlobalIDString = 1844BBB423EB6C5000A4BF6A;
			remoteInfo = Recipies;
		};
		187CBF7223EE12EF001AED72 /* PBXContainerItemProxy */ = {
			isa = PBXContainerItemProxy;
			containerPortal = 1844BBAD23EB6C5000A4BF6A /* Project object */;
			proxyType = 1;
			remoteGlobalIDString = 187CBF6723EE12EF001AED72;
			remoteInfo = Database;
		};
		187CBF7423EE12EF001AED72 /* PBXContainerItemProxy */ = {
			isa = PBXContainerItemProxy;
			containerPortal = 1844BBAD23EB6C5000A4BF6A /* Project object */;
			proxyType = 1;
			remoteGlobalIDString = 1844BBB423EB6C5000A4BF6A;
			remoteInfo = Recipies;
		};
		187CBF7B23EE12EF001AED72 /* PBXContainerItemProxy */ = {
			isa = PBXContainerItemProxy;
			containerPortal = 1844BBAD23EB6C5000A4BF6A /* Project object */;
			proxyType = 1;
			remoteGlobalIDString = 187CBF6723EE12EF001AED72;
			remoteInfo = Database;
		};
		187E129223EEA31300B544F3 /* PBXContainerItemProxy */ = {
			isa = PBXContainerItemProxy;
			containerPortal = 1844BBAD23EB6C5000A4BF6A /* Project object */;
			proxyType = 1;
			remoteGlobalIDString = 187E128723EEA31300B544F3;
			remoteInfo = Core;
		};
		187E129423EEA31300B544F3 /* PBXContainerItemProxy */ = {
			isa = PBXContainerItemProxy;
			containerPortal = 1844BBAD23EB6C5000A4BF6A /* Project object */;
			proxyType = 1;
			remoteGlobalIDString = 1844BBB423EB6C5000A4BF6A;
			remoteInfo = Recipies;
		};
		187E129B23EEA31300B544F3 /* PBXContainerItemProxy */ = {
			isa = PBXContainerItemProxy;
			containerPortal = 1844BBAD23EB6C5000A4BF6A /* Project object */;
			proxyType = 1;
			remoteGlobalIDString = 187E128723EEA31300B544F3;
			remoteInfo = Core;
		};
		187E12A623EEA3F400B544F3 /* PBXContainerItemProxy */ = {
			isa = PBXContainerItemProxy;
			containerPortal = 1844BBAD23EB6C5000A4BF6A /* Project object */;
			proxyType = 1;
			remoteGlobalIDString = 187E128723EEA31300B544F3;
			remoteInfo = Core;
		};
/* End PBXContainerItemProxy section */

/* Begin PBXCopyFilesBuildPhase section */
		187CBF7F23EE12EF001AED72 /* Embed Frameworks */ = {
			isa = PBXCopyFilesBuildPhase;
			buildActionMask = 2147483647;
			dstPath = "";
			dstSubfolderSpec = 10;
			files = (
				187CBF7E23EE12EF001AED72 /* Database.framework in Embed Frameworks */,
				187E129E23EEA31300B544F3 /* Core.framework in Embed Frameworks */,
			);
			name = "Embed Frameworks";
			runOnlyForDeploymentPostprocessing = 0;
		};
/* End PBXCopyFilesBuildPhase section */

/* Begin PBXFileReference section */
		1844BBB523EB6C5000A4BF6A /* Recipies.app */ = {isa = PBXFileReference; explicitFileType = wrapper.application; includeInIndex = 0; path = Recipies.app; sourceTree = BUILT_PRODUCTS_DIR; };
		1844BBB823EB6C5000A4BF6A /* AppDelegate.swift */ = {isa = PBXFileReference; lastKnownFileType = sourcecode.swift; path = AppDelegate.swift; sourceTree = "<group>"; };
		1844BBC123EB6C5300A4BF6A /* Assets.xcassets */ = {isa = PBXFileReference; lastKnownFileType = folder.assetcatalog; path = Assets.xcassets; sourceTree = "<group>"; };
		1844BBC423EB6C5300A4BF6A /* Base */ = {isa = PBXFileReference; lastKnownFileType = file.storyboard; name = Base; path = Base.lproj/LaunchScreen.storyboard; sourceTree = "<group>"; };
		1844BBC623EB6C5300A4BF6A /* Info.plist */ = {isa = PBXFileReference; lastKnownFileType = text.plist.xml; path = Info.plist; sourceTree = "<group>"; };
		1844BBCB23EB6C5300A4BF6A /* RecipiesTests.xctest */ = {isa = PBXFileReference; explicitFileType = wrapper.cfbundle; includeInIndex = 0; path = RecipiesTests.xctest; sourceTree = BUILT_PRODUCTS_DIR; };
		1844BBCF23EB6C5300A4BF6A /* RecipiesTests.swift */ = {isa = PBXFileReference; lastKnownFileType = sourcecode.swift; path = RecipiesTests.swift; sourceTree = "<group>"; };
		1844BBD123EB6C5300A4BF6A /* Info.plist */ = {isa = PBXFileReference; lastKnownFileType = text.plist.xml; path = Info.plist; sourceTree = "<group>"; };
		1844BBF023EB6DD000A4BF6A /* StoryboardHelper.swift */ = {isa = PBXFileReference; lastKnownFileType = sourcecode.swift; path = StoryboardHelper.swift; sourceTree = "<group>"; };
		1844BBF423EB6EAD00A4BF6A /* ListPresenter.swift */ = {isa = PBXFileReference; fileEncoding = 4; lastKnownFileType = sourcecode.swift; path = ListPresenter.swift; sourceTree = "<group>"; };
		1844BBF623EB6EAD00A4BF6A /* ListViewController.swift */ = {isa = PBXFileReference; fileEncoding = 4; lastKnownFileType = sourcecode.swift; path = ListViewController.swift; sourceTree = "<group>"; };
		1844BBF723EB6EAD00A4BF6A /* List.storyboard */ = {isa = PBXFileReference; fileEncoding = 4; lastKnownFileType = file.storyboard; path = List.storyboard; sourceTree = "<group>"; };
		1844BBF923EB6EAD00A4BF6A /* ListProtocols.swift */ = {isa = PBXFileReference; fileEncoding = 4; lastKnownFileType = sourcecode.swift; path = ListProtocols.swift; sourceTree = "<group>"; };
		1844BBFB23EB6EAD00A4BF6A /* ListInteractor.swift */ = {isa = PBXFileReference; fileEncoding = 4; lastKnownFileType = sourcecode.swift; path = ListInteractor.swift; sourceTree = "<group>"; };
		1844BBFD23EB6EAD00A4BF6A /* ListRouter.swift */ = {isa = PBXFileReference; fileEncoding = 4; lastKnownFileType = sourcecode.swift; path = ListRouter.swift; sourceTree = "<group>"; };
		1844BC0623EB701900A4BF6A /* RecipeResponse.swift */ = {isa = PBXFileReference; lastKnownFileType = sourcecode.swift; path = RecipeResponse.swift; sourceTree = "<group>"; };
		1844BC0923EB70F000A4BF6A /* RecipeRepository.swift */ = {isa = PBXFileReference; lastKnownFileType = sourcecode.swift; path = RecipeRepository.swift; sourceTree = "<group>"; };
		1844BC0C23EB712C00A4BF6A /* Recipe.swift */ = {isa = PBXFileReference; lastKnownFileType = sourcecode.swift; path = Recipe.swift; sourceTree = "<group>"; };
		1844BC1023EB731500A4BF6A /* MockingRecipeRepository.swift */ = {isa = PBXFileReference; lastKnownFileType = sourcecode.swift; path = MockingRecipeRepository.swift; sourceTree = "<group>"; };
		1844BC1623EB7A2500A4BF6A /* RecipeViewModel.swift */ = {isa = PBXFileReference; lastKnownFileType = sourcecode.swift; path = RecipeViewModel.swift; sourceTree = "<group>"; };
		1844BC1B23EB84DF00A4BF6A /* RecipeCell.xib */ = {isa = PBXFileReference; lastKnownFileType = file.xib; path = RecipeCell.xib; sourceTree = "<group>"; };
		1844BC1D23EB850E00A4BF6A /* RecipeCell.swift */ = {isa = PBXFileReference; lastKnownFileType = sourcecode.swift; path = RecipeCell.swift; sourceTree = "<group>"; };
		1844BC1F23EB856200A4BF6A /* NibReusable.swift */ = {isa = PBXFileReference; lastKnownFileType = sourcecode.swift; path = NibReusable.swift; sourceTree = "<group>"; };
		1873678923ED32550094483D /* test4.json */ = {isa = PBXFileReference; fileEncoding = 4; lastKnownFileType = text.json; path = test4.json; sourceTree = "<group>"; };
		1873678A23ED32550094483D /* test3.json */ = {isa = PBXFileReference; fileEncoding = 4; lastKnownFileType = text.json; path = test3.json; sourceTree = "<group>"; };
		1873678B23ED32550094483D /* test1.json */ = {isa = PBXFileReference; fileEncoding = 4; lastKnownFileType = text.json; path = test1.json; sourceTree = "<group>"; };
		1873678C23ED32560094483D /* test2.json */ = {isa = PBXFileReference; fileEncoding = 4; lastKnownFileType = text.json; path = test2.json; sourceTree = "<group>"; };
		1873679223EDE32A0094483D /* SearchFormatterInteractor.swift */ = {isa = PBXFileReference; lastKnownFileType = sourcecode.swift; path = SearchFormatterInteractor.swift; sourceTree = "<group>"; };
		1873679A23EDEB6C0094483D /* DetailPresenter.swift */ = {isa = PBXFileReference; fileEncoding = 4; lastKnownFileType = sourcecode.swift; path = DetailPresenter.swift; sourceTree = "<group>"; };
		1873679C23EDEB6C0094483D /* Detail.storyboard */ = {isa = PBXFileReference; fileEncoding = 4; lastKnownFileType = file.storyboard; path = Detail.storyboard; sourceTree = "<group>"; };
		1873679D23EDEB6C0094483D /* DetailViewController.swift */ = {isa = PBXFileReference; fileEncoding = 4; lastKnownFileType = sourcecode.swift; path = DetailViewController.swift; sourceTree = "<group>"; };
		1873679F23EDEB6C0094483D /* DetailProtocols.swift */ = {isa = PBXFileReference; fileEncoding = 4; lastKnownFileType = sourcecode.swift; path = DetailProtocols.swift; sourceTree = "<group>"; };
		187367A123EDEB6C0094483D /* DetailInteractor.swift */ = {isa = PBXFileReference; fileEncoding = 4; lastKnownFileType = sourcecode.swift; path = DetailInteractor.swift; sourceTree = "<group>"; };
		187367A323EDEB6C0094483D /* DetailRouter.swift */ = {isa = PBXFileReference; fileEncoding = 4; lastKnownFileType = sourcecode.swift; path = DetailRouter.swift; sourceTree = "<group>"; };
		187CBF6823EE12EF001AED72 /* Database.framework */ = {isa = PBXFileReference; explicitFileType = wrapper.framework; includeInIndex = 0; path = Database.framework; sourceTree = BUILT_PRODUCTS_DIR; };
		187CBF6A23EE12EF001AED72 /* Database.h */ = {isa = PBXFileReference; lastKnownFileType = sourcecode.c.h; path = Database.h; sourceTree = "<group>"; };
		187CBF6B23EE12EF001AED72 /* Info.plist */ = {isa = PBXFileReference; lastKnownFileType = text.plist.xml; path = Info.plist; sourceTree = "<group>"; };
		187CBF7023EE12EF001AED72 /* DatabaseTests.xctest */ = {isa = PBXFileReference; explicitFileType = wrapper.cfbundle; includeInIndex = 0; path = DatabaseTests.xctest; sourceTree = BUILT_PRODUCTS_DIR; };
		187CBF7723EE12EF001AED72 /* DatabaseTests.swift */ = {isa = PBXFileReference; lastKnownFileType = sourcecode.swift; path = DatabaseTests.swift; sourceTree = "<group>"; };
		187CBF7923EE12EF001AED72 /* Info.plist */ = {isa = PBXFileReference; lastKnownFileType = text.plist.xml; path = Info.plist; sourceTree = "<group>"; };
		187CBF8823EE148E001AED72 /* RealmService.swift */ = {isa = PBXFileReference; fileEncoding = 4; lastKnownFileType = sourcecode.swift; path = RealmService.swift; sourceTree = "<group>"; };
		187CBF8A23EE14C8001AED72 /* RealmServiceError.swift */ = {isa = PBXFileReference; lastKnownFileType = sourcecode.swift; path = RealmServiceError.swift; sourceTree = "<group>"; };
		187E128123EEA17800B544F3 /* RealmRecipe.swift */ = {isa = PBXFileReference; lastKnownFileType = sourcecode.swift; path = RealmRecipe.swift; sourceTree = "<group>"; };
		187E128823EEA31300B544F3 /* Core.framework */ = {isa = PBXFileReference; explicitFileType = wrapper.framework; includeInIndex = 0; path = Core.framework; sourceTree = BUILT_PRODUCTS_DIR; };
		187E128A23EEA31300B544F3 /* Core.h */ = {isa = PBXFileReference; lastKnownFileType = sourcecode.c.h; path = Core.h; sourceTree = "<group>"; };
		187E128B23EEA31300B544F3 /* Info.plist */ = {isa = PBXFileReference; lastKnownFileType = text.plist.xml; path = Info.plist; sourceTree = "<group>"; };
		187E129023EEA31300B544F3 /* CoreTests.xctest */ = {isa = PBXFileReference; explicitFileType = wrapper.cfbundle; includeInIndex = 0; path = CoreTests.xctest; sourceTree = BUILT_PRODUCTS_DIR; };
		187E129723EEA31300B544F3 /* CoreTests.swift */ = {isa = PBXFileReference; lastKnownFileType = sourcecode.swift; path = CoreTests.swift; sourceTree = "<group>"; };
		187E129923EEA31300B544F3 /* Info.plist */ = {isa = PBXFileReference; lastKnownFileType = text.plist.xml; path = Info.plist; sourceTree = "<group>"; };
		25F7A72F9187700EE6CE4F9C /* Pods-RecipiesTests.debug.xcconfig */ = {isa = PBXFileReference; includeInIndex = 1; lastKnownFileType = text.xcconfig; name = "Pods-RecipiesTests.debug.xcconfig"; path = "Target Support Files/Pods-RecipiesTests/Pods-RecipiesTests.debug.xcconfig"; sourceTree = "<group>"; };
		30745114B0C1E77BDE92724D /* Pods_DatabaseTests.framework */ = {isa = PBXFileReference; explicitFileType = wrapper.framework; includeInIndex = 0; path = Pods_DatabaseTests.framework; sourceTree = BUILT_PRODUCTS_DIR; };
		42CEA19074D46257017BBA39 /* Pods-RecipiesTests.release.xcconfig */ = {isa = PBXFileReference; includeInIndex = 1; lastKnownFileType = text.xcconfig; name = "Pods-RecipiesTests.release.xcconfig"; path = "Target Support Files/Pods-RecipiesTests/Pods-RecipiesTests.release.xcconfig"; sourceTree = "<group>"; };
		4845F00413F1965065B2F126 /* Pods-Recipies.release.xcconfig */ = {isa = PBXFileReference; includeInIndex = 1; lastKnownFileType = text.xcconfig; name = "Pods-Recipies.release.xcconfig"; path = "Target Support Files/Pods-Recipies/Pods-Recipies.release.xcconfig"; sourceTree = "<group>"; };
		6CCB34B96B3681CCA014DB3B /* Pods_RecipiesTests.framework */ = {isa = PBXFileReference; explicitFileType = wrapper.framework; includeInIndex = 0; path = Pods_RecipiesTests.framework; sourceTree = BUILT_PRODUCTS_DIR; };
		7E7F5DA966D78AA10741C162 /* Pods_Database.framework */ = {isa = PBXFileReference; explicitFileType = wrapper.framework; includeInIndex = 0; path = Pods_Database.framework; sourceTree = BUILT_PRODUCTS_DIR; };
		92A3CAF516A2B632BC7D7FF5 /* Pods_Recipies.framework */ = {isa = PBXFileReference; explicitFileType = wrapper.framework; includeInIndex = 0; path = Pods_Recipies.framework; sourceTree = BUILT_PRODUCTS_DIR; };
		AAE1BB90803E75A1E19578FD /* Pods-Database.release.xcconfig */ = {isa = PBXFileReference; includeInIndex = 1; lastKnownFileType = text.xcconfig; name = "Pods-Database.release.xcconfig"; path = "Target Support Files/Pods-Database/Pods-Database.release.xcconfig"; sourceTree = "<group>"; };
		B2A4C6CE9F0B126BC41CCBCE /* Pods-DatabaseTests.release.xcconfig */ = {isa = PBXFileReference; includeInIndex = 1; lastKnownFileType = text.xcconfig; name = "Pods-DatabaseTests.release.xcconfig"; path = "Target Support Files/Pods-DatabaseTests/Pods-DatabaseTests.release.xcconfig"; sourceTree = "<group>"; };
		BABABB2A76D94513F5D3B7AC /* Pods-Recipies.debug.xcconfig */ = {isa = PBXFileReference; includeInIndex = 1; lastKnownFileType = text.xcconfig; name = "Pods-Recipies.debug.xcconfig"; path = "Target Support Files/Pods-Recipies/Pods-Recipies.debug.xcconfig"; sourceTree = "<group>"; };
		BFF26FB07A542D886BCF533F /* Pods-DatabaseTests.debug.xcconfig */ = {isa = PBXFileReference; includeInIndex = 1; lastKnownFileType = text.xcconfig; name = "Pods-DatabaseTests.debug.xcconfig"; path = "Target Support Files/Pods-DatabaseTests/Pods-DatabaseTests.debug.xcconfig"; sourceTree = "<group>"; };
		E3CA21C358F5407F29ED2421 /* Pods-Database.debug.xcconfig */ = {isa = PBXFileReference; includeInIndex = 1; lastKnownFileType = text.xcconfig; name = "Pods-Database.debug.xcconfig"; path = "Target Support Files/Pods-Database/Pods-Database.debug.xcconfig"; sourceTree = "<group>"; };
/* End PBXFileReference section */

/* Begin PBXFrameworksBuildPhase section */
		1844BBB223EB6C5000A4BF6A /* Frameworks */ = {
			isa = PBXFrameworksBuildPhase;
			buildActionMask = 2147483647;
			files = (
				940978B141987277B592DA90 /* Pods_Recipies.framework in Frameworks */,
				187E129D23EEA31300B544F3 /* Core.framework in Frameworks */,
				187CBF7D23EE12EF001AED72 /* Database.framework in Frameworks */,
			);
			runOnlyForDeploymentPostprocessing = 0;
		};
		1844BBC823EB6C5300A4BF6A /* Frameworks */ = {
			isa = PBXFrameworksBuildPhase;
			buildActionMask = 2147483647;
			files = (
				4D41CAA538FC6287B5D4E52E /* Pods_RecipiesTests.framework in Frameworks */,
			);
			runOnlyForDeploymentPostprocessing = 0;
		};
		187CBF6523EE12EF001AED72 /* Frameworks */ = {
			isa = PBXFrameworksBuildPhase;
			buildActionMask = 2147483647;
			files = (
				FC4AC46BBFD413FBBCBEA76E /* Pods_Database.framework in Frameworks */,
			);
			runOnlyForDeploymentPostprocessing = 0;
		};
		187CBF6D23EE12EF001AED72 /* Frameworks */ = {
			isa = PBXFrameworksBuildPhase;
			buildActionMask = 2147483647;
			files = (
				187CBF7123EE12EF001AED72 /* Database.framework in Frameworks */,
				C65A764E8A8273D4157DB5E2 /* Pods_DatabaseTests.framework in Frameworks */,
			);
			runOnlyForDeploymentPostprocessing = 0;
		};
		187E128523EEA31300B544F3 /* Frameworks */ = {
			isa = PBXFrameworksBuildPhase;
			buildActionMask = 2147483647;
			files = (
			);
			runOnlyForDeploymentPostprocessing = 0;
		};
		187E128D23EEA31300B544F3 /* Frameworks */ = {
			isa = PBXFrameworksBuildPhase;
			buildActionMask = 2147483647;
			files = (
				187E129123EEA31300B544F3 /* Core.framework in Frameworks */,
			);
			runOnlyForDeploymentPostprocessing = 0;
		};
/* End PBXFrameworksBuildPhase section */

/* Begin PBXGroup section */
		1844BBAC23EB6C5000A4BF6A = {
			isa = PBXGroup;
			children = (
				1844BBB723EB6C5000A4BF6A /* Recipies */,
				1844BBCE23EB6C5300A4BF6A /* RecipiesTests */,
				187CBF6923EE12EF001AED72 /* Database */,
				187CBF7623EE12EF001AED72 /* DatabaseTests */,
				187E128923EEA31300B544F3 /* Core */,
				187E129623EEA31300B544F3 /* CoreTests */,
				1844BBB623EB6C5000A4BF6A /* Products */,
				6ED72F166F01E078F876413E /* Pods */,
				4867C6FBB8FE1F8F05A5B654 /* Frameworks */,
			);
			sourceTree = "<group>";
		};
		1844BBB623EB6C5000A4BF6A /* Products */ = {
			isa = PBXGroup;
			children = (
				1844BBB523EB6C5000A4BF6A /* Recipies.app */,
				1844BBCB23EB6C5300A4BF6A /* RecipiesTests.xctest */,
				187CBF6823EE12EF001AED72 /* Database.framework */,
				187CBF7023EE12EF001AED72 /* DatabaseTests.xctest */,
				187E128823EEA31300B544F3 /* Core.framework */,
				187E129023EEA31300B544F3 /* CoreTests.xctest */,
			);
			name = Products;
			sourceTree = "<group>";
		};
		1844BBB723EB6C5000A4BF6A /* Recipies */ = {
			isa = PBXGroup;
			children = (
				1844BC0823EB70DC00A4BF6A /* RecipeRepository */,
				1844BBF223EB6EAD00A4BF6A /* List */,
				1873679823EDEB6C0094483D /* Detail */,
				1844BBEF23EB6DB900A4BF6A /* Extensions */,
				1844BBB823EB6C5000A4BF6A /* AppDelegate.swift */,
				1844BBC123EB6C5300A4BF6A /* Assets.xcassets */,
				1844BBC323EB6C5300A4BF6A /* LaunchScreen.storyboard */,
				1844BBC623EB6C5300A4BF6A /* Info.plist */,
			);
			path = Recipies;
			sourceTree = "<group>";
		};
		1844BBCE23EB6C5300A4BF6A /* RecipiesTests */ = {
			isa = PBXGroup;
			children = (
				1844BBCF23EB6C5300A4BF6A /* RecipiesTests.swift */,
				1844BBD123EB6C5300A4BF6A /* Info.plist */,
			);
			path = RecipiesTests;
			sourceTree = "<group>";
		};
		1844BBEF23EB6DB900A4BF6A /* Extensions */ = {
			isa = PBXGroup;
			children = (
				1844BBF023EB6DD000A4BF6A /* StoryboardHelper.swift */,
				1844BC1F23EB856200A4BF6A /* NibReusable.swift */,
			);
			path = Extensions;
			sourceTree = "<group>";
		};
		1844BBF223EB6EAD00A4BF6A /* List */ = {
			isa = PBXGroup;
			children = (
				1844BC0423EB700200A4BF6A /* Models */,
				1844BBF323EB6EAD00A4BF6A /* Presenter */,
				1844BBF523EB6EAD00A4BF6A /* View */,
				1844BBF823EB6EAD00A4BF6A /* Protocols */,
				1844BBFA23EB6EAD00A4BF6A /* Interactors */,
				1844BBFC23EB6EAD00A4BF6A /* Router */,
			);
			path = List;
			sourceTree = "<group>";
		};
		1844BBF323EB6EAD00A4BF6A /* Presenter */ = {
			isa = PBXGroup;
			children = (
				1844BBF423EB6EAD00A4BF6A /* ListPresenter.swift */,
			);
			path = Presenter;
			sourceTree = "<group>";
		};
		1844BBF523EB6EAD00A4BF6A /* View */ = {
			isa = PBXGroup;
			children = (
				1844BC1A23EB84CA00A4BF6A /* Cells */,
				1844BBF623EB6EAD00A4BF6A /* ListViewController.swift */,
				1844BBF723EB6EAD00A4BF6A /* List.storyboard */,
			);
			path = View;
			sourceTree = "<group>";
		};
		1844BBF823EB6EAD00A4BF6A /* Protocols */ = {
			isa = PBXGroup;
			children = (
				1844BBF923EB6EAD00A4BF6A /* ListProtocols.swift */,
			);
			path = Protocols;
			sourceTree = "<group>";
		};
		1844BBFA23EB6EAD00A4BF6A /* Interactors */ = {
			isa = PBXGroup;
			children = (
				1844BBFB23EB6EAD00A4BF6A /* ListInteractor.swift */,
				1873679223EDE32A0094483D /* SearchFormatterInteractor.swift */,
			);
			path = Interactors;
			sourceTree = "<group>";
		};
		1844BBFC23EB6EAD00A4BF6A /* Router */ = {
			isa = PBXGroup;
			children = (
				1844BBFD23EB6EAD00A4BF6A /* ListRouter.swift */,
			);
			path = Router;
			sourceTree = "<group>";
		};
		1844BC0423EB700200A4BF6A /* Models */ = {
			isa = PBXGroup;
			children = (
				1844BC0523EB700700A4BF6A /* Response */,
				1844BC1523EB7A0800A4BF6A /* ViewModel */,
			);
			path = Models;
			sourceTree = "<group>";
		};
		1844BC0523EB700700A4BF6A /* Response */ = {
			isa = PBXGroup;
			children = (
				1844BC0623EB701900A4BF6A /* RecipeResponse.swift */,
			);
			path = Response;
			sourceTree = "<group>";
		};
		1844BC0823EB70DC00A4BF6A /* RecipeRepository */ = {
			isa = PBXGroup;
			children = (
				1844BC1223EB739500A4BF6A /* MockingRepository */,
				1844BC0923EB70F000A4BF6A /* RecipeRepository.swift */,
				1844BC1023EB731500A4BF6A /* MockingRecipeRepository.swift */,
			);
			path = RecipeRepository;
			sourceTree = "<group>";
		};
		1844BC0B23EB711E00A4BF6A /* Domain */ = {
			isa = PBXGroup;
			children = (
				1844BC0C23EB712C00A4BF6A /* Recipe.swift */,
			);
			path = Domain;
			sourceTree = "<group>";
		};
		1844BC1223EB739500A4BF6A /* MockingRepository */ = {
			isa = PBXGroup;
			children = (
				1873678B23ED32550094483D /* test1.json */,
				1873678C23ED32560094483D /* test2.json */,
				1873678A23ED32550094483D /* test3.json */,
				1873678923ED32550094483D /* test4.json */,
			);
			path = MockingRepository;
			sourceTree = "<group>";
		};
		1844BC1523EB7A0800A4BF6A /* ViewModel */ = {
			isa = PBXGroup;
			children = (
				1844BC1623EB7A2500A4BF6A /* RecipeViewModel.swift */,
			);
			path = ViewModel;
			sourceTree = "<group>";
		};
		1844BC1A23EB84CA00A4BF6A /* Cells */ = {
			isa = PBXGroup;
			children = (
				1844BC1B23EB84DF00A4BF6A /* RecipeCell.xib */,
				1844BC1D23EB850E00A4BF6A /* RecipeCell.swift */,
			);
			path = Cells;
			sourceTree = "<group>";
		};
		1873679823EDEB6C0094483D /* Detail */ = {
			isa = PBXGroup;
			children = (
				1873679923EDEB6C0094483D /* Presenter */,
				1873679B23EDEB6C0094483D /* View */,
				1873679E23EDEB6C0094483D /* Protocols */,
				187367A023EDEB6C0094483D /* Interactor */,
				187367A223EDEB6C0094483D /* Router */,
			);
			path = Detail;
			sourceTree = "<group>";
		};
		1873679923EDEB6C0094483D /* Presenter */ = {
			isa = PBXGroup;
			children = (
				1873679A23EDEB6C0094483D /* DetailPresenter.swift */,
			);
			path = Presenter;
			sourceTree = "<group>";
		};
		1873679B23EDEB6C0094483D /* View */ = {
			isa = PBXGroup;
			children = (
				1873679C23EDEB6C0094483D /* Detail.storyboard */,
				1873679D23EDEB6C0094483D /* DetailViewController.swift */,
			);
			path = View;
			sourceTree = "<group>";
		};
		1873679E23EDEB6C0094483D /* Protocols */ = {
			isa = PBXGroup;
			children = (
				1873679F23EDEB6C0094483D /* DetailProtocols.swift */,
			);
			path = Protocols;
			sourceTree = "<group>";
		};
		187367A023EDEB6C0094483D /* Interactor */ = {
			isa = PBXGroup;
			children = (
				187367A123EDEB6C0094483D /* DetailInteractor.swift */,
			);
			path = Interactor;
			sourceTree = "<group>";
		};
		187367A223EDEB6C0094483D /* Router */ = {
			isa = PBXGroup;
			children = (
				187367A323EDEB6C0094483D /* DetailRouter.swift */,
			);
			path = Router;
			sourceTree = "<group>";
		};
		187CBF6923EE12EF001AED72 /* Database */ = {
			isa = PBXGroup;
			children = (
				187CBF8823EE148E001AED72 /* RealmService.swift */,
				187E128123EEA17800B544F3 /* RealmRecipe.swift */,
				187CBF8A23EE14C8001AED72 /* RealmServiceError.swift */,
				187CBF6A23EE12EF001AED72 /* Database.h */,
				187CBF6B23EE12EF001AED72 /* Info.plist */,
			);
			path = Database;
			sourceTree = "<group>";
		};
		187CBF7623EE12EF001AED72 /* DatabaseTests */ = {
			isa = PBXGroup;
			children = (
				187CBF7723EE12EF001AED72 /* DatabaseTests.swift */,
				187CBF7923EE12EF001AED72 /* Info.plist */,
			);
			path = DatabaseTests;
			sourceTree = "<group>";
		};
		187E128923EEA31300B544F3 /* Core */ = {
			isa = PBXGroup;
			children = (
				1844BC0B23EB711E00A4BF6A /* Domain */,
				187E128A23EEA31300B544F3 /* Core.h */,
				187E128B23EEA31300B544F3 /* Info.plist */,
			);
			path = Core;
			sourceTree = "<group>";
		};
		187E129623EEA31300B544F3 /* CoreTests */ = {
			isa = PBXGroup;
			children = (
				187E129723EEA31300B544F3 /* CoreTests.swift */,
				187E129923EEA31300B544F3 /* Info.plist */,
			);
			path = CoreTests;
			sourceTree = "<group>";
		};
		4867C6FBB8FE1F8F05A5B654 /* Frameworks */ = {
			isa = PBXGroup;
			children = (
				92A3CAF516A2B632BC7D7FF5 /* Pods_Recipies.framework */,
				6CCB34B96B3681CCA014DB3B /* Pods_RecipiesTests.framework */,
				7E7F5DA966D78AA10741C162 /* Pods_Database.framework */,
				30745114B0C1E77BDE92724D /* Pods_DatabaseTests.framework */,
			);
			name = Frameworks;
			sourceTree = "<group>";
		};
		6ED72F166F01E078F876413E /* Pods */ = {
			isa = PBXGroup;
			children = (
				BABABB2A76D94513F5D3B7AC /* Pods-Recipies.debug.xcconfig */,
				4845F00413F1965065B2F126 /* Pods-Recipies.release.xcconfig */,
				25F7A72F9187700EE6CE4F9C /* Pods-RecipiesTests.debug.xcconfig */,
				42CEA19074D46257017BBA39 /* Pods-RecipiesTests.release.xcconfig */,
				E3CA21C358F5407F29ED2421 /* Pods-Database.debug.xcconfig */,
				AAE1BB90803E75A1E19578FD /* Pods-Database.release.xcconfig */,
				BFF26FB07A542D886BCF533F /* Pods-DatabaseTests.debug.xcconfig */,
				B2A4C6CE9F0B126BC41CCBCE /* Pods-DatabaseTests.release.xcconfig */,
			);
			path = Pods;
			sourceTree = "<group>";
		};
/* End PBXGroup section */

/* Begin PBXHeadersBuildPhase section */
		187CBF6323EE12EF001AED72 /* Headers */ = {
			isa = PBXHeadersBuildPhase;
			buildActionMask = 2147483647;
			files = (
				187CBF7A23EE12EF001AED72 /* Database.h in Headers */,
			);
			runOnlyForDeploymentPostprocessing = 0;
		};
		187E128323EEA31300B544F3 /* Headers */ = {
			isa = PBXHeadersBuildPhase;
			buildActionMask = 2147483647;
			files = (
				187E129A23EEA31300B544F3 /* Core.h in Headers */,
			);
			runOnlyForDeploymentPostprocessing = 0;
		};
/* End PBXHeadersBuildPhase section */

/* Begin PBXNativeTarget section */
		1844BBB423EB6C5000A4BF6A /* Recipies */ = {
			isa = PBXNativeTarget;
			buildConfigurationList = 1844BBD423EB6C5300A4BF6A /* Build configuration list for PBXNativeTarget "Recipies" */;
			buildPhases = (
				38B3AB05BBEA89EE90E3EE83 /* [CP] Check Pods Manifest.lock */,
				1844BBB123EB6C5000A4BF6A /* Sources */,
				1844BBB223EB6C5000A4BF6A /* Frameworks */,
				1844BBB323EB6C5000A4BF6A /* Resources */,
				2BD2CEEE1AEB4CEA7E92FAAD /* [CP] Embed Pods Frameworks */,
				187CBF7F23EE12EF001AED72 /* Embed Frameworks */,
			);
			buildRules = (
			);
			dependencies = (
				187CBF7C23EE12EF001AED72 /* PBXTargetDependency */,
				187E129C23EEA31300B544F3 /* PBXTargetDependency */,
			);
			name = Recipies;
			productName = Recipies;
			productReference = 1844BBB523EB6C5000A4BF6A /* Recipies.app */;
			productType = "com.apple.product-type.application";
		};
		1844BBCA23EB6C5300A4BF6A /* RecipiesTests */ = {
			isa = PBXNativeTarget;
			buildConfigurationList = 1844BBD723EB6C5300A4BF6A /* Build configuration list for PBXNativeTarget "RecipiesTests" */;
			buildPhases = (
				93DA376B5CAC77993A7E8DA8 /* [CP] Check Pods Manifest.lock */,
				1844BBC723EB6C5300A4BF6A /* Sources */,
				1844BBC823EB6C5300A4BF6A /* Frameworks */,
				1844BBC923EB6C5300A4BF6A /* Resources */,
			);
			buildRules = (
			);
			dependencies = (
				1844BBCD23EB6C5300A4BF6A /* PBXTargetDependency */,
			);
			name = RecipiesTests;
			productName = RecipiesTests;
			productReference = 1844BBCB23EB6C5300A4BF6A /* RecipiesTests.xctest */;
			productType = "com.apple.product-type.bundle.unit-test";
		};
		187CBF6723EE12EF001AED72 /* Database */ = {
			isa = PBXNativeTarget;
			buildConfigurationList = 187CBF8423EE12EF001AED72 /* Build configuration list for PBXNativeTarget "Database" */;
			buildPhases = (
				C0A2EBEC0B22B6546945EBB5 /* [CP] Check Pods Manifest.lock */,
				187CBF6323EE12EF001AED72 /* Headers */,
				187CBF6423EE12EF001AED72 /* Sources */,
				187CBF6523EE12EF001AED72 /* Frameworks */,
				187CBF6623EE12EF001AED72 /* Resources */,
			);
			buildRules = (
			);
			dependencies = (
				187E12A723EEA3F400B544F3 /* PBXTargetDependency */,
			);
			name = Database;
			productName = Database;
			productReference = 187CBF6823EE12EF001AED72 /* Database.framework */;
			productType = "com.apple.product-type.framework";
		};
		187CBF6F23EE12EF001AED72 /* DatabaseTests */ = {
			isa = PBXNativeTarget;
			buildConfigurationList = 187CBF8523EE12EF001AED72 /* Build configuration list for PBXNativeTarget "DatabaseTests" */;
			buildPhases = (
				AADB40EABB8CB2BF428C8C71 /* [CP] Check Pods Manifest.lock */,
				187CBF6C23EE12EF001AED72 /* Sources */,
				187CBF6D23EE12EF001AED72 /* Frameworks */,
				187CBF6E23EE12EF001AED72 /* Resources */,
			);
			buildRules = (
			);
			dependencies = (
				187CBF7323EE12EF001AED72 /* PBXTargetDependency */,
				187CBF7523EE12EF001AED72 /* PBXTargetDependency */,
			);
			name = DatabaseTests;
			productName = DatabaseTests;
			productReference = 187CBF7023EE12EF001AED72 /* DatabaseTests.xctest */;
			productType = "com.apple.product-type.bundle.unit-test";
		};
		187E128723EEA31300B544F3 /* Core */ = {
			isa = PBXNativeTarget;
			buildConfigurationList = 187E129F23EEA31300B544F3 /* Build configuration list for PBXNativeTarget "Core" */;
			buildPhases = (
				187E128323EEA31300B544F3 /* Headers */,
				187E128423EEA31300B544F3 /* Sources */,
				187E128523EEA31300B544F3 /* Frameworks */,
				187E128623EEA31300B544F3 /* Resources */,
			);
			buildRules = (
			);
			dependencies = (
			);
			name = Core;
			productName = Core;
			productReference = 187E128823EEA31300B544F3 /* Core.framework */;
			productType = "com.apple.product-type.framework";
		};
		187E128F23EEA31300B544F3 /* CoreTests */ = {
			isa = PBXNativeTarget;
			buildConfigurationList = 187E12A223EEA31300B544F3 /* Build configuration list for PBXNativeTarget "CoreTests" */;
			buildPhases = (
				187E128C23EEA31300B544F3 /* Sources */,
				187E128D23EEA31300B544F3 /* Frameworks */,
				187E128E23EEA31300B544F3 /* Resources */,
			);
			buildRules = (
			);
			dependencies = (
				187E129323EEA31300B544F3 /* PBXTargetDependency */,
				187E129523EEA31300B544F3 /* PBXTargetDependency */,
			);
			name = CoreTests;
			productName = CoreTests;
			productReference = 187E129023EEA31300B544F3 /* CoreTests.xctest */;
			productType = "com.apple.product-type.bundle.unit-test";
		};
/* End PBXNativeTarget section */

/* Begin PBXProject section */
		1844BBAD23EB6C5000A4BF6A /* Project object */ = {
			isa = PBXProject;
			attributes = {
				LastSwiftUpdateCheck = 1130;
				LastUpgradeCheck = 1130;
				ORGANIZATIONNAME = "Aaron Huánuco";
				TargetAttributes = {
					1844BBB423EB6C5000A4BF6A = {
						CreatedOnToolsVersion = 11.3.1;
					};
					1844BBCA23EB6C5300A4BF6A = {
						CreatedOnToolsVersion = 11.3.1;
						TestTargetID = 1844BBB423EB6C5000A4BF6A;
					};
					187CBF6723EE12EF001AED72 = {
						CreatedOnToolsVersion = 11.3.1;
						LastSwiftMigration = 1130;
					};
					187CBF6F23EE12EF001AED72 = {
						CreatedOnToolsVersion = 11.3.1;
						TestTargetID = 1844BBB423EB6C5000A4BF6A;
					};
					187E128723EEA31300B544F3 = {
						CreatedOnToolsVersion = 11.3.1;
					};
					187E128F23EEA31300B544F3 = {
						CreatedOnToolsVersion = 11.3.1;
						TestTargetID = 1844BBB423EB6C5000A4BF6A;
					};
				};
			};
			buildConfigurationList = 1844BBB023EB6C5000A4BF6A /* Build configuration list for PBXProject "Recipies" */;
			compatibilityVersion = "Xcode 9.3";
			developmentRegion = en;
			hasScannedForEncodings = 0;
			knownRegions = (
				en,
				Base,
			);
			mainGroup = 1844BBAC23EB6C5000A4BF6A;
			productRefGroup = 1844BBB623EB6C5000A4BF6A /* Products */;
			projectDirPath = "";
			projectRoot = "";
			targets = (
				1844BBB423EB6C5000A4BF6A /* Recipies */,
				1844BBCA23EB6C5300A4BF6A /* RecipiesTests */,
				187CBF6723EE12EF001AED72 /* Database */,
				187CBF6F23EE12EF001AED72 /* DatabaseTests */,
				187E128723EEA31300B544F3 /* Core */,
				187E128F23EEA31300B544F3 /* CoreTests */,
			);
		};
/* End PBXProject section */

/* Begin PBXResourcesBuildPhase section */
		1844BBB323EB6C5000A4BF6A /* Resources */ = {
			isa = PBXResourcesBuildPhase;
			buildActionMask = 2147483647;
			files = (
				1873678F23ED32560094483D /* test1.json in Resources */,
				1844BBC523EB6C5300A4BF6A /* LaunchScreen.storyboard in Resources */,
				187367A523EDEB6C0094483D /* Detail.storyboard in Resources */,
				1873678E23ED32560094483D /* test3.json in Resources */,
				1844BC1C23EB84DF00A4BF6A /* RecipeCell.xib in Resources */,
				1873679023ED32560094483D /* test2.json in Resources */,
				1844BC0023EB6EAD00A4BF6A /* List.storyboard in Resources */,
				1873678D23ED32560094483D /* test4.json in Resources */,
				1844BBC223EB6C5300A4BF6A /* Assets.xcassets in Resources */,
			);
			runOnlyForDeploymentPostprocessing = 0;
		};
		1844BBC923EB6C5300A4BF6A /* Resources */ = {
			isa = PBXResourcesBuildPhase;
			buildActionMask = 2147483647;
			files = (
			);
			runOnlyForDeploymentPostprocessing = 0;
		};
		187CBF6623EE12EF001AED72 /* Resources */ = {
			isa = PBXResourcesBuildPhase;
			buildActionMask = 2147483647;
			files = (
			);
			runOnlyForDeploymentPostprocessing = 0;
		};
		187CBF6E23EE12EF001AED72 /* Resources */ = {
			isa = PBXResourcesBuildPhase;
			buildActionMask = 2147483647;
			files = (
			);
			runOnlyForDeploymentPostprocessing = 0;
		};
		187E128623EEA31300B544F3 /* Resources */ = {
			isa = PBXResourcesBuildPhase;
			buildActionMask = 2147483647;
			files = (
			);
			runOnlyForDeploymentPostprocessing = 0;
		};
		187E128E23EEA31300B544F3 /* Resources */ = {
			isa = PBXResourcesBuildPhase;
			buildActionMask = 2147483647;
			files = (
			);
			runOnlyForDeploymentPostprocessing = 0;
		};
/* End PBXResourcesBuildPhase section */

/* Begin PBXShellScriptBuildPhase section */
		2BD2CEEE1AEB4CEA7E92FAAD /* [CP] Embed Pods Frameworks */ = {
			isa = PBXShellScriptBuildPhase;
			buildActionMask = 2147483647;
			files = (
			);
			inputFileListPaths = (
				"${PODS_ROOT}/Target Support Files/Pods-Recipies/Pods-Recipies-frameworks-${CONFIGURATION}-input-files.xcfilelist",
			);
			name = "[CP] Embed Pods Frameworks";
			outputFileListPaths = (
				"${PODS_ROOT}/Target Support Files/Pods-Recipies/Pods-Recipies-frameworks-${CONFIGURATION}-output-files.xcfilelist",
			);
			runOnlyForDeploymentPostprocessing = 0;
			shellPath = /bin/sh;
			shellScript = "\"${PODS_ROOT}/Target Support Files/Pods-Recipies/Pods-Recipies-frameworks.sh\"\n";
			showEnvVarsInLog = 0;
		};
		38B3AB05BBEA89EE90E3EE83 /* [CP] Check Pods Manifest.lock */ = {
			isa = PBXShellScriptBuildPhase;
			buildActionMask = 2147483647;
			files = (
			);
			inputFileListPaths = (
			);
			inputPaths = (
				"${PODS_PODFILE_DIR_PATH}/Podfile.lock",
				"${PODS_ROOT}/Manifest.lock",
			);
			name = "[CP] Check Pods Manifest.lock";
			outputFileListPaths = (
			);
			outputPaths = (
				"$(DERIVED_FILE_DIR)/Pods-Recipies-checkManifestLockResult.txt",
			);
			runOnlyForDeploymentPostprocessing = 0;
			shellPath = /bin/sh;
			shellScript = "diff \"${PODS_PODFILE_DIR_PATH}/Podfile.lock\" \"${PODS_ROOT}/Manifest.lock\" > /dev/null\nif [ $? != 0 ] ; then\n    # print error to STDERR\n    echo \"error: The sandbox is not in sync with the Podfile.lock. Run 'pod install' or update your CocoaPods installation.\" >&2\n    exit 1\nfi\n# This output is used by Xcode 'outputs' to avoid re-running this script phase.\necho \"SUCCESS\" > \"${SCRIPT_OUTPUT_FILE_0}\"\n";
			showEnvVarsInLog = 0;
		};
		93DA376B5CAC77993A7E8DA8 /* [CP] Check Pods Manifest.lock */ = {
			isa = PBXShellScriptBuildPhase;
			buildActionMask = 2147483647;
			files = (
			);
			inputFileListPaths = (
			);
			inputPaths = (
				"${PODS_PODFILE_DIR_PATH}/Podfile.lock",
				"${PODS_ROOT}/Manifest.lock",
			);
			name = "[CP] Check Pods Manifest.lock";
			outputFileListPaths = (
			);
			outputPaths = (
				"$(DERIVED_FILE_DIR)/Pods-RecipiesTests-checkManifestLockResult.txt",
			);
			runOnlyForDeploymentPostprocessing = 0;
			shellPath = /bin/sh;
			shellScript = "diff \"${PODS_PODFILE_DIR_PATH}/Podfile.lock\" \"${PODS_ROOT}/Manifest.lock\" > /dev/null\nif [ $? != 0 ] ; then\n    # print error to STDERR\n    echo \"error: The sandbox is not in sync with the Podfile.lock. Run 'pod install' or update your CocoaPods installation.\" >&2\n    exit 1\nfi\n# This output is used by Xcode 'outputs' to avoid re-running this script phase.\necho \"SUCCESS\" > \"${SCRIPT_OUTPUT_FILE_0}\"\n";
			showEnvVarsInLog = 0;
		};
		AADB40EABB8CB2BF428C8C71 /* [CP] Check Pods Manifest.lock */ = {
			isa = PBXShellScriptBuildPhase;
			buildActionMask = 2147483647;
			files = (
			);
			inputFileListPaths = (
			);
			inputPaths = (
				"${PODS_PODFILE_DIR_PATH}/Podfile.lock",
				"${PODS_ROOT}/Manifest.lock",
			);
			name = "[CP] Check Pods Manifest.lock";
			outputFileListPaths = (
			);
			outputPaths = (
				"$(DERIVED_FILE_DIR)/Pods-DatabaseTests-checkManifestLockResult.txt",
			);
			runOnlyForDeploymentPostprocessing = 0;
			shellPath = /bin/sh;
			shellScript = "diff \"${PODS_PODFILE_DIR_PATH}/Podfile.lock\" \"${PODS_ROOT}/Manifest.lock\" > /dev/null\nif [ $? != 0 ] ; then\n    # print error to STDERR\n    echo \"error: The sandbox is not in sync with the Podfile.lock. Run 'pod install' or update your CocoaPods installation.\" >&2\n    exit 1\nfi\n# This output is used by Xcode 'outputs' to avoid re-running this script phase.\necho \"SUCCESS\" > \"${SCRIPT_OUTPUT_FILE_0}\"\n";
			showEnvVarsInLog = 0;
		};
		C0A2EBEC0B22B6546945EBB5 /* [CP] Check Pods Manifest.lock */ = {
			isa = PBXShellScriptBuildPhase;
			buildActionMask = 2147483647;
			files = (
			);
			inputFileListPaths = (
			);
			inputPaths = (
				"${PODS_PODFILE_DIR_PATH}/Podfile.lock",
				"${PODS_ROOT}/Manifest.lock",
			);
			name = "[CP] Check Pods Manifest.lock";
			outputFileListPaths = (
			);
			outputPaths = (
				"$(DERIVED_FILE_DIR)/Pods-Database-checkManifestLockResult.txt",
			);
			runOnlyForDeploymentPostprocessing = 0;
			shellPath = /bin/sh;
			shellScript = "diff \"${PODS_PODFILE_DIR_PATH}/Podfile.lock\" \"${PODS_ROOT}/Manifest.lock\" > /dev/null\nif [ $? != 0 ] ; then\n    # print error to STDERR\n    echo \"error: The sandbox is not in sync with the Podfile.lock. Run 'pod install' or update your CocoaPods installation.\" >&2\n    exit 1\nfi\n# This output is used by Xcode 'outputs' to avoid re-running this script phase.\necho \"SUCCESS\" > \"${SCRIPT_OUTPUT_FILE_0}\"\n";
			showEnvVarsInLog = 0;
		};
/* End PBXShellScriptBuildPhase section */

/* Begin PBXSourcesBuildPhase section */
		1844BBB123EB6C5000A4BF6A /* Sources */ = {
			isa = PBXSourcesBuildPhase;
			buildActionMask = 2147483647;
			files = (
				1844BC0223EB6EAD00A4BF6A /* ListInteractor.swift in Sources */,
				187367A623EDEB6C0094483D /* DetailViewController.swift in Sources */,
				1844BC0323EB6EAD00A4BF6A /* ListRouter.swift in Sources */,
				1844BBB923EB6C5000A4BF6A /* AppDelegate.swift in Sources */,
				1844BBFE23EB6EAD00A4BF6A /* ListPresenter.swift in Sources */,
				187367A923EDEB6C0094483D /* DetailRouter.swift in Sources */,
				1873679323EDE32A0094483D /* SearchFormatterInteractor.swift in Sources */,
				1844BC1723EB7A2500A4BF6A /* RecipeViewModel.swift in Sources */,
				187367A823EDEB6C0094483D /* DetailInteractor.swift in Sources */,
				1844BC1123EB731500A4BF6A /* MockingRecipeRepository.swift in Sources */,
				1844BC0A23EB70F000A4BF6A /* RecipeRepository.swift in Sources */,
				1844BBFF23EB6EAD00A4BF6A /* ListViewController.swift in Sources */,
				187367A723EDEB6C0094483D /* DetailProtocols.swift in Sources */,
				1844BC2023EB856200A4BF6A /* NibReusable.swift in Sources */,
				1844BC0123EB6EAD00A4BF6A /* ListProtocols.swift in Sources */,
				187367A423EDEB6C0094483D /* DetailPresenter.swift in Sources */,
				1844BC0723EB701900A4BF6A /* RecipeResponse.swift in Sources */,
				1844BBF123EB6DD000A4BF6A /* StoryboardHelper.swift in Sources */,
				1844BC1E23EB850E00A4BF6A /* RecipeCell.swift in Sources */,
			);
			runOnlyForDeploymentPostprocessing = 0;
		};
		1844BBC723EB6C5300A4BF6A /* Sources */ = {
			isa = PBXSourcesBuildPhase;
			buildActionMask = 2147483647;
			files = (
				1844BBD023EB6C5300A4BF6A /* RecipiesTests.swift in Sources */,
			);
			runOnlyForDeploymentPostprocessing = 0;
		};
		187CBF6423EE12EF001AED72 /* Sources */ = {
			isa = PBXSourcesBuildPhase;
			buildActionMask = 2147483647;
			files = (
				187CBF8B23EE14C8001AED72 /* RealmServiceError.swift in Sources */,
				187E128223EEA17800B544F3 /* RealmRecipe.swift in Sources */,
				187CBF8923EE148E001AED72 /* RealmService.swift in Sources */,
			);
			runOnlyForDeploymentPostprocessing = 0;
		};
		187CBF6C23EE12EF001AED72 /* Sources */ = {
			isa = PBXSourcesBuildPhase;
			buildActionMask = 2147483647;
			files = (
				187CBF7823EE12EF001AED72 /* DatabaseTests.swift in Sources */,
			);
			runOnlyForDeploymentPostprocessing = 0;
		};
		187E128423EEA31300B544F3 /* Sources */ = {
			isa = PBXSourcesBuildPhase;
			buildActionMask = 2147483647;
			files = (
				187E12A523EEA3C700B544F3 /* Recipe.swift in Sources */,
			);
			runOnlyForDeploymentPostprocessing = 0;
		};
		187E128C23EEA31300B544F3 /* Sources */ = {
			isa = PBXSourcesBuildPhase;
			buildActionMask = 2147483647;
			files = (
				187E129823EEA31300B544F3 /* CoreTests.swift in Sources */,
			);
			runOnlyForDeploymentPostprocessing = 0;
		};
/* End PBXSourcesBuildPhase section */

/* Begin PBXTargetDependency section */
		1844BBCD23EB6C5300A4BF6A /* PBXTargetDependency */ = {
			isa = PBXTargetDependency;
			target = 1844BBB423EB6C5000A4BF6A /* Recipies */;
			targetProxy = 1844BBCC23EB6C5300A4BF6A /* PBXContainerItemProxy */;
		};
		187CBF7323EE12EF001AED72 /* PBXTargetDependency */ = {
			isa = PBXTargetDependency;
			target = 187CBF6723EE12EF001AED72 /* Database */;
			targetProxy = 187CBF7223EE12EF001AED72 /* PBXContainerItemProxy */;
		};
		187CBF7523EE12EF001AED72 /* PBXTargetDependency */ = {
			isa = PBXTargetDependency;
			target = 1844BBB423EB6C5000A4BF6A /* Recipies */;
			targetProxy = 187CBF7423EE12EF001AED72 /* PBXContainerItemProxy */;
		};
		187CBF7C23EE12EF001AED72 /* PBXTargetDependency */ = {
			isa = PBXTargetDependency;
			target = 187CBF6723EE12EF001AED72 /* Database */;
			targetProxy = 187CBF7B23EE12EF001AED72 /* PBXContainerItemProxy */;
		};
		187E129323EEA31300B544F3 /* PBXTargetDependency */ = {
			isa = PBXTargetDependency;
			target = 187E128723EEA31300B544F3 /* Core */;
			targetProxy = 187E129223EEA31300B544F3 /* PBXContainerItemProxy */;
		};
		187E129523EEA31300B544F3 /* PBXTargetDependency */ = {
			isa = PBXTargetDependency;
			target = 1844BBB423EB6C5000A4BF6A /* Recipies */;
			targetProxy = 187E129423EEA31300B544F3 /* PBXContainerItemProxy */;
		};
		187E129C23EEA31300B544F3 /* PBXTargetDependency */ = {
			isa = PBXTargetDependency;
			target = 187E128723EEA31300B544F3 /* Core */;
			targetProxy = 187E129B23EEA31300B544F3 /* PBXContainerItemProxy */;
		};
		187E12A723EEA3F400B544F3 /* PBXTargetDependency */ = {
			isa = PBXTargetDependency;
			target = 187E128723EEA31300B544F3 /* Core */;
			targetProxy = 187E12A623EEA3F400B544F3 /* PBXContainerItemProxy */;
		};
/* End PBXTargetDependency section */

/* Begin PBXVariantGroup section */
		1844BBC323EB6C5300A4BF6A /* LaunchScreen.storyboard */ = {
			isa = PBXVariantGroup;
			children = (
				1844BBC423EB6C5300A4BF6A /* Base */,
			);
			name = LaunchScreen.storyboard;
			sourceTree = "<group>";
		};
/* End PBXVariantGroup section */

/* Begin XCBuildConfiguration section */
		1844BBD223EB6C5300A4BF6A /* Debug */ = {
			isa = XCBuildConfiguration;
			buildSettings = {
				ALWAYS_SEARCH_USER_PATHS = NO;
				CLANG_ANALYZER_NONNULL = YES;
				CLANG_ANALYZER_NUMBER_OBJECT_CONVERSION = YES_AGGRESSIVE;
				CLANG_CXX_LANGUAGE_STANDARD = "gnu++14";
				CLANG_CXX_LIBRARY = "libc++";
				CLANG_ENABLE_MODULES = YES;
				CLANG_ENABLE_OBJC_ARC = YES;
				CLANG_ENABLE_OBJC_WEAK = YES;
				CLANG_WARN_BLOCK_CAPTURE_AUTORELEASING = YES;
				CLANG_WARN_BOOL_CONVERSION = YES;
				CLANG_WARN_COMMA = YES;
				CLANG_WARN_CONSTANT_CONVERSION = YES;
				CLANG_WARN_DEPRECATED_OBJC_IMPLEMENTATIONS = YES;
				CLANG_WARN_DIRECT_OBJC_ISA_USAGE = YES_ERROR;
				CLANG_WARN_DOCUMENTATION_COMMENTS = YES;
				CLANG_WARN_EMPTY_BODY = YES;
				CLANG_WARN_ENUM_CONVERSION = YES;
				CLANG_WARN_INFINITE_RECURSION = YES;
				CLANG_WARN_INT_CONVERSION = YES;
				CLANG_WARN_NON_LITERAL_NULL_CONVERSION = YES;
				CLANG_WARN_OBJC_IMPLICIT_RETAIN_SELF = YES;
				CLANG_WARN_OBJC_LITERAL_CONVERSION = YES;
				CLANG_WARN_OBJC_ROOT_CLASS = YES_ERROR;
				CLANG_WARN_RANGE_LOOP_ANALYSIS = YES;
				CLANG_WARN_STRICT_PROTOTYPES = YES;
				CLANG_WARN_SUSPICIOUS_MOVE = YES;
				CLANG_WARN_UNGUARDED_AVAILABILITY = YES_AGGRESSIVE;
				CLANG_WARN_UNREACHABLE_CODE = YES;
				CLANG_WARN__DUPLICATE_METHOD_MATCH = YES;
				COPY_PHASE_STRIP = NO;
				DEBUG_INFORMATION_FORMAT = dwarf;
				ENABLE_STRICT_OBJC_MSGSEND = YES;
				ENABLE_TESTABILITY = YES;
				GCC_C_LANGUAGE_STANDARD = gnu11;
				GCC_DYNAMIC_NO_PIC = NO;
				GCC_NO_COMMON_BLOCKS = YES;
				GCC_OPTIMIZATION_LEVEL = 0;
				GCC_PREPROCESSOR_DEFINITIONS = (
					"DEBUG=1",
					"$(inherited)",
				);
				GCC_WARN_64_TO_32_BIT_CONVERSION = YES;
				GCC_WARN_ABOUT_RETURN_TYPE = YES_ERROR;
				GCC_WARN_UNDECLARED_SELECTOR = YES;
				GCC_WARN_UNINITIALIZED_AUTOS = YES_AGGRESSIVE;
				GCC_WARN_UNUSED_FUNCTION = YES;
				GCC_WARN_UNUSED_VARIABLE = YES;
				IPHONEOS_DEPLOYMENT_TARGET = 13.2;
				MTL_ENABLE_DEBUG_INFO = INCLUDE_SOURCE;
				MTL_FAST_MATH = YES;
				ONLY_ACTIVE_ARCH = YES;
				SDKROOT = iphoneos;
				SWIFT_ACTIVE_COMPILATION_CONDITIONS = DEBUG;
				SWIFT_OPTIMIZATION_LEVEL = "-Onone";
			};
			name = Debug;
		};
		1844BBD323EB6C5300A4BF6A /* Release */ = {
			isa = XCBuildConfiguration;
			buildSettings = {
				ALWAYS_SEARCH_USER_PATHS = NO;
				CLANG_ANALYZER_NONNULL = YES;
				CLANG_ANALYZER_NUMBER_OBJECT_CONVERSION = YES_AGGRESSIVE;
				CLANG_CXX_LANGUAGE_STANDARD = "gnu++14";
				CLANG_CXX_LIBRARY = "libc++";
				CLANG_ENABLE_MODULES = YES;
				CLANG_ENABLE_OBJC_ARC = YES;
				CLANG_ENABLE_OBJC_WEAK = YES;
				CLANG_WARN_BLOCK_CAPTURE_AUTORELEASING = YES;
				CLANG_WARN_BOOL_CONVERSION = YES;
				CLANG_WARN_COMMA = YES;
				CLANG_WARN_CONSTANT_CONVERSION = YES;
				CLANG_WARN_DEPRECATED_OBJC_IMPLEMENTATIONS = YES;
				CLANG_WARN_DIRECT_OBJC_ISA_USAGE = YES_ERROR;
				CLANG_WARN_DOCUMENTATION_COMMENTS = YES;
				CLANG_WARN_EMPTY_BODY = YES;
				CLANG_WARN_ENUM_CONVERSION = YES;
				CLANG_WARN_INFINITE_RECURSION = YES;
				CLANG_WARN_INT_CONVERSION = YES;
				CLANG_WARN_NON_LITERAL_NULL_CONVERSION = YES;
				CLANG_WARN_OBJC_IMPLICIT_RETAIN_SELF = YES;
				CLANG_WARN_OBJC_LITERAL_CONVERSION = YES;
				CLANG_WARN_OBJC_ROOT_CLASS = YES_ERROR;
				CLANG_WARN_RANGE_LOOP_ANALYSIS = YES;
				CLANG_WARN_STRICT_PROTOTYPES = YES;
				CLANG_WARN_SUSPICIOUS_MOVE = YES;
				CLANG_WARN_UNGUARDED_AVAILABILITY = YES_AGGRESSIVE;
				CLANG_WARN_UNREACHABLE_CODE = YES;
				CLANG_WARN__DUPLICATE_METHOD_MATCH = YES;
				COPY_PHASE_STRIP = NO;
				DEBUG_INFORMATION_FORMAT = "dwarf-with-dsym";
				ENABLE_NS_ASSERTIONS = NO;
				ENABLE_STRICT_OBJC_MSGSEND = YES;
				GCC_C_LANGUAGE_STANDARD = gnu11;
				GCC_NO_COMMON_BLOCKS = YES;
				GCC_WARN_64_TO_32_BIT_CONVERSION = YES;
				GCC_WARN_ABOUT_RETURN_TYPE = YES_ERROR;
				GCC_WARN_UNDECLARED_SELECTOR = YES;
				GCC_WARN_UNINITIALIZED_AUTOS = YES_AGGRESSIVE;
				GCC_WARN_UNUSED_FUNCTION = YES;
				GCC_WARN_UNUSED_VARIABLE = YES;
				IPHONEOS_DEPLOYMENT_TARGET = 13.2;
				MTL_ENABLE_DEBUG_INFO = NO;
				MTL_FAST_MATH = YES;
				SDKROOT = iphoneos;
				SWIFT_COMPILATION_MODE = wholemodule;
				SWIFT_OPTIMIZATION_LEVEL = "-O";
				VALIDATE_PRODUCT = YES;
			};
			name = Release;
		};
		1844BBD523EB6C5300A4BF6A /* Debug */ = {
			isa = XCBuildConfiguration;
			baseConfigurationReference = BABABB2A76D94513F5D3B7AC /* Pods-Recipies.debug.xcconfig */;
			buildSettings = {
				ALWAYS_EMBED_SWIFT_STANDARD_LIBRARIES = YES;
				ASSETCATALOG_COMPILER_APPICON_NAME = AppIcon;
				CODE_SIGN_STYLE = Automatic;
				DEVELOPMENT_TEAM = TXH9ALPT83;
				INFOPLIST_FILE = Recipies/Info.plist;
				LD_RUNPATH_SEARCH_PATHS = (
					"$(inherited)",
					"@executable_path/Frameworks",
				);
				PRODUCT_BUNDLE_IDENTIFIER = aaronmhr.Recipies;
				PRODUCT_NAME = "$(TARGET_NAME)";
				SWIFT_VERSION = 5.0;
				TARGETED_DEVICE_FAMILY = "1,2";
			};
			name = Debug;
		};
		1844BBD623EB6C5300A4BF6A /* Release */ = {
			isa = XCBuildConfiguration;
			baseConfigurationReference = 4845F00413F1965065B2F126 /* Pods-Recipies.release.xcconfig */;
			buildSettings = {
				ALWAYS_EMBED_SWIFT_STANDARD_LIBRARIES = YES;
				ASSETCATALOG_COMPILER_APPICON_NAME = AppIcon;
				CODE_SIGN_STYLE = Automatic;
				DEVELOPMENT_TEAM = TXH9ALPT83;
				INFOPLIST_FILE = Recipies/Info.plist;
				LD_RUNPATH_SEARCH_PATHS = (
					"$(inherited)",
					"@executable_path/Frameworks",
				);
				PRODUCT_BUNDLE_IDENTIFIER = aaronmhr.Recipies;
				PRODUCT_NAME = "$(TARGET_NAME)";
				SWIFT_VERSION = 5.0;
				TARGETED_DEVICE_FAMILY = "1,2";
			};
			name = Release;
		};
		1844BBD823EB6C5300A4BF6A /* Debug */ = {
			isa = XCBuildConfiguration;
			baseConfigurationReference = 25F7A72F9187700EE6CE4F9C /* Pods-RecipiesTests.debug.xcconfig */;
			buildSettings = {
				ALWAYS_EMBED_SWIFT_STANDARD_LIBRARIES = YES;
				BUNDLE_LOADER = "$(TEST_HOST)";
				CODE_SIGN_STYLE = Automatic;
				DEVELOPMENT_TEAM = TXH9ALPT83;
				INFOPLIST_FILE = RecipiesTests/Info.plist;
				IPHONEOS_DEPLOYMENT_TARGET = 13.2;
				LD_RUNPATH_SEARCH_PATHS = (
					"$(inherited)",
					"@executable_path/Frameworks",
					"@loader_path/Frameworks",
				);
				PRODUCT_BUNDLE_IDENTIFIER = aaronmhr.RecipiesTests;
				PRODUCT_NAME = "$(TARGET_NAME)";
				SWIFT_VERSION = 5.0;
				TARGETED_DEVICE_FAMILY = "1,2";
				TEST_HOST = "$(BUILT_PRODUCTS_DIR)/Recipies.app/Recipies";
			};
			name = Debug;
		};
		1844BBD923EB6C5300A4BF6A /* Release */ = {
			isa = XCBuildConfiguration;
			baseConfigurationReference = 42CEA19074D46257017BBA39 /* Pods-RecipiesTests.release.xcconfig */;
			buildSettings = {
				ALWAYS_EMBED_SWIFT_STANDARD_LIBRARIES = YES;
				BUNDLE_LOADER = "$(TEST_HOST)";
				CODE_SIGN_STYLE = Automatic;
				DEVELOPMENT_TEAM = TXH9ALPT83;
				INFOPLIST_FILE = RecipiesTests/Info.plist;
				IPHONEOS_DEPLOYMENT_TARGET = 13.2;
				LD_RUNPATH_SEARCH_PATHS = (
					"$(inherited)",
					"@executable_path/Frameworks",
					"@loader_path/Frameworks",
				);
				PRODUCT_BUNDLE_IDENTIFIER = aaronmhr.RecipiesTests;
				PRODUCT_NAME = "$(TARGET_NAME)";
				SWIFT_VERSION = 5.0;
				TARGETED_DEVICE_FAMILY = "1,2";
				TEST_HOST = "$(BUILT_PRODUCTS_DIR)/Recipies.app/Recipies";
			};
			name = Release;
		};
		187CBF8023EE12EF001AED72 /* Debug */ = {
			isa = XCBuildConfiguration;
			baseConfigurationReference = E3CA21C358F5407F29ED2421 /* Pods-Database.debug.xcconfig */;
			buildSettings = {
				CLANG_ENABLE_MODULES = YES;
				CODE_SIGN_STYLE = Automatic;
				CURRENT_PROJECT_VERSION = 1;
				DEFINES_MODULE = YES;
				DEVELOPMENT_TEAM = TXH9ALPT83;
				DYLIB_COMPATIBILITY_VERSION = 1;
				DYLIB_CURRENT_VERSION = 1;
				DYLIB_INSTALL_NAME_BASE = "@rpath";
				INFOPLIST_FILE = Database/Info.plist;
				INSTALL_PATH = "$(LOCAL_LIBRARY_DIR)/Frameworks";
				LD_RUNPATH_SEARCH_PATHS = (
					"$(inherited)",
					"@executable_path/Frameworks",
					"@loader_path/Frameworks",
				);
				PRODUCT_BUNDLE_IDENTIFIER = aaronmhr.Database;
				PRODUCT_NAME = "$(TARGET_NAME:c99extidentifier)";
				SKIP_INSTALL = YES;
				SWIFT_OPTIMIZATION_LEVEL = "-Onone";
				SWIFT_VERSION = 5.0;
				TARGETED_DEVICE_FAMILY = "1,2";
				VERSIONING_SYSTEM = "apple-generic";
				VERSION_INFO_PREFIX = "";
			};
			name = Debug;
		};
		187CBF8123EE12EF001AED72 /* Release */ = {
			isa = XCBuildConfiguration;
			baseConfigurationReference = AAE1BB90803E75A1E19578FD /* Pods-Database.release.xcconfig */;
			buildSettings = {
				CLANG_ENABLE_MODULES = YES;
				CODE_SIGN_STYLE = Automatic;
				CURRENT_PROJECT_VERSION = 1;
				DEFINES_MODULE = YES;
				DEVELOPMENT_TEAM = TXH9ALPT83;
				DYLIB_COMPATIBILITY_VERSION = 1;
				DYLIB_CURRENT_VERSION = 1;
				DYLIB_INSTALL_NAME_BASE = "@rpath";
				INFOPLIST_FILE = Database/Info.plist;
				INSTALL_PATH = "$(LOCAL_LIBRARY_DIR)/Frameworks";
				LD_RUNPATH_SEARCH_PATHS = (
					"$(inherited)",
					"@executable_path/Frameworks",
					"@loader_path/Frameworks",
				);
				PRODUCT_BUNDLE_IDENTIFIER = aaronmhr.Database;
				PRODUCT_NAME = "$(TARGET_NAME:c99extidentifier)";
				SKIP_INSTALL = YES;
				SWIFT_VERSION = 5.0;
				TARGETED_DEVICE_FAMILY = "1,2";
				VERSIONING_SYSTEM = "apple-generic";
				VERSION_INFO_PREFIX = "";
			};
			name = Release;
		};
		187CBF8223EE12EF001AED72 /* Debug */ = {
			isa = XCBuildConfiguration;
			baseConfigurationReference = BFF26FB07A542D886BCF533F /* Pods-DatabaseTests.debug.xcconfig */;
			buildSettings = {
				ALWAYS_EMBED_SWIFT_STANDARD_LIBRARIES = YES;
				CODE_SIGN_STYLE = Automatic;
				DEVELOPMENT_TEAM = TXH9ALPT83;
				INFOPLIST_FILE = DatabaseTests/Info.plist;
				LD_RUNPATH_SEARCH_PATHS = (
					"$(inherited)",
					"@executable_path/Frameworks",
					"@loader_path/Frameworks",
				);
				PRODUCT_BUNDLE_IDENTIFIER = aaronmhr.DatabaseTests;
				PRODUCT_NAME = "$(TARGET_NAME)";
				SWIFT_VERSION = 5.0;
				TARGETED_DEVICE_FAMILY = "1,2";
				TEST_HOST = "$(BUILT_PRODUCTS_DIR)/Recipies.app/Recipies";
			};
			name = Debug;
		};
		187CBF8323EE12EF001AED72 /* Release */ = {
			isa = XCBuildConfiguration;
			baseConfigurationReference = B2A4C6CE9F0B126BC41CCBCE /* Pods-DatabaseTests.release.xcconfig */;
			buildSettings = {
				ALWAYS_EMBED_SWIFT_STANDARD_LIBRARIES = YES;
				CODE_SIGN_STYLE = Automatic;
				DEVELOPMENT_TEAM = TXH9ALPT83;
				INFOPLIST_FILE = DatabaseTests/Info.plist;
				LD_RUNPATH_SEARCH_PATHS = (
					"$(inherited)",
					"@executable_path/Frameworks",
					"@loader_path/Frameworks",
				);
				PRODUCT_BUNDLE_IDENTIFIER = aaronmhr.DatabaseTests;
				PRODUCT_NAME = "$(TARGET_NAME)";
				SWIFT_VERSION = 5.0;
				TARGETED_DEVICE_FAMILY = "1,2";
				TEST_HOST = "$(BUILT_PRODUCTS_DIR)/Recipies.app/Recipies";
			};
			name = Release;
		};
		187E12A023EEA31300B544F3 /* Debug */ = {
			isa = XCBuildConfiguration;
			buildSettings = {
				CODE_SIGN_STYLE = Automatic;
				CURRENT_PROJECT_VERSION = 1;
				DEFINES_MODULE = YES;
				DEVELOPMENT_TEAM = TXH9ALPT83;
				DYLIB_COMPATIBILITY_VERSION = 1;
				DYLIB_CURRENT_VERSION = 1;
				DYLIB_INSTALL_NAME_BASE = "@rpath";
				INFOPLIST_FILE = Core/Info.plist;
				INSTALL_PATH = "$(LOCAL_LIBRARY_DIR)/Frameworks";
				LD_RUNPATH_SEARCH_PATHS = (
					"$(inherited)",
					"@executable_path/Frameworks",
					"@loader_path/Frameworks",
				);
				PRODUCT_BUNDLE_IDENTIFIER = aaronmhr.Core;
				PRODUCT_NAME = "$(TARGET_NAME:c99extidentifier)";
				SKIP_INSTALL = YES;
				SWIFT_VERSION = 5.0;
				TARGETED_DEVICE_FAMILY = "1,2";
				VERSIONING_SYSTEM = "apple-generic";
				VERSION_INFO_PREFIX = "";
			};
			name = Debug;
		};
		187E12A123EEA31300B544F3 /* Release */ = {
			isa = XCBuildConfiguration;
			buildSettings = {
				CODE_SIGN_STYLE = Automatic;
				CURRENT_PROJECT_VERSION = 1;
				DEFINES_MODULE = YES;
				DEVELOPMENT_TEAM = TXH9ALPT83;
				DYLIB_COMPATIBILITY_VERSION = 1;
				DYLIB_CURRENT_VERSION = 1;
				DYLIB_INSTALL_NAME_BASE = "@rpath";
				INFOPLIST_FILE = Core/Info.plist;
				INSTALL_PATH = "$(LOCAL_LIBRARY_DIR)/Frameworks";
				LD_RUNPATH_SEARCH_PATHS = (
					"$(inherited)",
					"@executable_path/Frameworks",
					"@loader_path/Frameworks",
				);
				PRODUCT_BUNDLE_IDENTIFIER = aaronmhr.Core;
				PRODUCT_NAME = "$(TARGET_NAME:c99extidentifier)";
				SKIP_INSTALL = YES;
				SWIFT_VERSION = 5.0;
				TARGETED_DEVICE_FAMILY = "1,2";
				VERSIONING_SYSTEM = "apple-generic";
				VERSION_INFO_PREFIX = "";
			};
			name = Release;
		};
		187E12A323EEA31300B544F3 /* Debug */ = {
			isa = XCBuildConfiguration;
			buildSettings = {
				ALWAYS_EMBED_SWIFT_STANDARD_LIBRARIES = YES;
				CODE_SIGN_STYLE = Automatic;
				DEVELOPMENT_TEAM = TXH9ALPT83;
				INFOPLIST_FILE = CoreTests/Info.plist;
				LD_RUNPATH_SEARCH_PATHS = (
					"$(inherited)",
					"@executable_path/Frameworks",
					"@loader_path/Frameworks",
				);
				PRODUCT_BUNDLE_IDENTIFIER = aaronmhr.CoreTests;
				PRODUCT_NAME = "$(TARGET_NAME)";
				SWIFT_VERSION = 5.0;
				TARGETED_DEVICE_FAMILY = "1,2";
				TEST_HOST = "$(BUILT_PRODUCTS_DIR)/Recipies.app/Recipies";
			};
			name = Debug;
		};
		187E12A423EEA31300B544F3 /* Release */ = {
			isa = XCBuildConfiguration;
			buildSettings = {
				ALWAYS_EMBED_SWIFT_STANDARD_LIBRARIES = YES;
				CODE_SIGN_STYLE = Automatic;
				DEVELOPMENT_TEAM = TXH9ALPT83;
				INFOPLIST_FILE = CoreTests/Info.plist;
				LD_RUNPATH_SEARCH_PATHS = (
					"$(inherited)",
					"@executable_path/Frameworks",
					"@loader_path/Frameworks",
				);
				PRODUCT_BUNDLE_IDENTIFIER = aaronmhr.CoreTests;
				PRODUCT_NAME = "$(TARGET_NAME)";
				SWIFT_VERSION = 5.0;
				TARGETED_DEVICE_FAMILY = "1,2";
				TEST_HOST = "$(BUILT_PRODUCTS_DIR)/Recipies.app/Recipies";
			};
			name = Release;
		};
/* End XCBuildConfiguration section */

/* Begin XCConfigurationList section */
		1844BBB023EB6C5000A4BF6A /* Build configuration list for PBXProject "Recipies" */ = {
			isa = XCConfigurationList;
			buildConfigurations = (
				1844BBD223EB6C5300A4BF6A /* Debug */,
				1844BBD323EB6C5300A4BF6A /* Release */,
			);
			defaultConfigurationIsVisible = 0;
			defaultConfigurationName = Release;
		};
		1844BBD423EB6C5300A4BF6A /* Build configuration list for PBXNativeTarget "Recipies" */ = {
			isa = XCConfigurationList;
			buildConfigurations = (
				1844BBD523EB6C5300A4BF6A /* Debug */,
				1844BBD623EB6C5300A4BF6A /* Release */,
			);
			defaultConfigurationIsVisible = 0;
			defaultConfigurationName = Release;
		};
		1844BBD723EB6C5300A4BF6A /* Build configuration list for PBXNativeTarget "RecipiesTests" */ = {
			isa = XCConfigurationList;
			buildConfigurations = (
				1844BBD823EB6C5300A4BF6A /* Debug */,
				1844BBD923EB6C5300A4BF6A /* Release */,
			);
			defaultConfigurationIsVisible = 0;
			defaultConfigurationName = Release;
		};
		187CBF8423EE12EF001AED72 /* Build configuration list for PBXNativeTarget "Database" */ = {
			isa = XCConfigurationList;
			buildConfigurations = (
				187CBF8023EE12EF001AED72 /* Debug */,
				187CBF8123EE12EF001AED72 /* Release */,
			);
			defaultConfigurationIsVisible = 0;
			defaultConfigurationName = Release;
		};
		187CBF8523EE12EF001AED72 /* Build configuration list for PBXNativeTarget "DatabaseTests" */ = {
			isa = XCConfigurationList;
			buildConfigurations = (
				187CBF8223EE12EF001AED72 /* Debug */,
				187CBF8323EE12EF001AED72 /* Release */,
			);
			defaultConfigurationIsVisible = 0;
			defaultConfigurationName = Release;
		};
		187E129F23EEA31300B544F3 /* Build configuration list for PBXNativeTarget "Core" */ = {
			isa = XCConfigurationList;
			buildConfigurations = (
				187E12A023EEA31300B544F3 /* Debug */,
				187E12A123EEA31300B544F3 /* Release */,
			);
			defaultConfigurationIsVisible = 0;
			defaultConfigurationName = Release;
		};
		187E12A223EEA31300B544F3 /* Build configuration list for PBXNativeTarget "CoreTests" */ = {
			isa = XCConfigurationList;
			buildConfigurations = (
				187E12A323EEA31300B544F3 /* Debug */,
				187E12A423EEA31300B544F3 /* Release */,
			);
			defaultConfigurationIsVisible = 0;
			defaultConfigurationName = Release;
		};
/* End XCConfigurationList section */
	};
	rootObject = 1844BBAD23EB6C5000A4BF6A /* Project object */;
}
