// !$*UTF8*$!
{
	archiveVersion = 1;
	classes = {
	};
	objectVersion = 50;
	objects = {

/* Begin PBXBuildFile section */
		1844BBB923EB6C5000A4BF6A /* AppDelegate.swift in Sources */ = {isa = PBXBuildFile; fileRef = 1844BBB823EB6C5000A4BF6A /* AppDelegate.swift */; };
		1844BBC223EB6C5300A4BF6A /* Assets.xcassets in Resources */ = {isa = PBXBuildFile; fileRef = 1844BBC123EB6C5300A4BF6A /* Assets.xcassets */; };
		1844BBC523EB6C5300A4BF6A /* LaunchScreen.storyboard in Resources */ = {isa = PBXBuildFile; fileRef = 1844BBC323EB6C5300A4BF6A /* LaunchScreen.storyboard */; };
		1844BBD023EB6C5300A4BF6A /* RecipiesTests.swift in Sources */ = {isa = PBXBuildFile; fileRef = 1844BBCF23EB6C5300A4BF6A /* RecipiesTests.swift */; };
		1844BBF123EB6DD000A4BF6A /* StoryboardHelper.swift in Sources */ = {isa = PBXBuildFile; fileRef = 1844BBF023EB6DD000A4BF6A /* StoryboardHelper.swift */; };
		1844BBFE23EB6EAD00A4BF6A /* ListPresenter.swift in Sources */ = {isa = PBXBuildFile; fileRef = 1844BBF423EB6EAD00A4BF6A /* ListPresenter.swift */; };
		1844BBFF23EB6EAD00A4BF6A /* ListViewController.swift in Sources */ = {isa = PBXBuildFile; fileRef = 1844BBF623EB6EAD00A4BF6A /* ListViewController.swift */; };
		1844BC0023EB6EAD00A4BF6A /* List.storyboard in Resources */ = {isa = PBXBuildFile; fileRef = 1844BBF723EB6EAD00A4BF6A /* List.storyboard */; };
		1844BC0123EB6EAD00A4BF6A /* ListProtocols.swift in Sources */ = {isa = PBXBuildFile; fileRef = 1844BBF923EB6EAD00A4BF6A /* ListProtocols.swift */; };
		1844BC0223EB6EAD00A4BF6A /* ListInteractor.swift in Sources */ = {isa = PBXBuildFile; fileRef = 1844BBFB23EB6EAD00A4BF6A /* ListInteractor.swift */; };
		1844BC0323EB6EAD00A4BF6A /* ListRouter.swift in Sources */ = {isa = PBXBuildFile; fileRef = 1844BBFD23EB6EAD00A4BF6A /* ListRouter.swift */; };
		1844BC0723EB701900A4BF6A /* RecipeResponse.swift in Sources */ = {isa = PBXBuildFile; fileRef = 1844BC0623EB701900A4BF6A /* RecipeResponse.swift */; };
		1844BC0A23EB70F000A4BF6A /* RecipeRepository.swift in Sources */ = {isa = PBXBuildFile; fileRef = 1844BC0923EB70F000A4BF6A /* RecipeRepository.swift */; };
		1844BC0D23EB712C00A4BF6A /* Recipe.swift in Sources */ = {isa = PBXBuildFile; fileRef = 1844BC0C23EB712C00A4BF6A /* Recipe.swift */; };
		1844BC1123EB731500A4BF6A /* MockingRecipeRepository.swift in Sources */ = {isa = PBXBuildFile; fileRef = 1844BC1023EB731500A4BF6A /* MockingRecipeRepository.swift */; };
		1844BC1423EB73AE00A4BF6A /* test.json in Resources */ = {isa = PBXBuildFile; fileRef = 1844BC1323EB73AE00A4BF6A /* test.json */; };
/* End PBXBuildFile section */

/* Begin PBXContainerItemProxy section */
		1844BBCC23EB6C5300A4BF6A /* PBXContainerItemProxy */ = {
			isa = PBXContainerItemProxy;
			containerPortal = 1844BBAD23EB6C5000A4BF6A /* Project object */;
			proxyType = 1;
			remoteGlobalIDString = 1844BBB423EB6C5000A4BF6A;
			remoteInfo = Recipies;
		};
/* End PBXContainerItemProxy section */

/* Begin PBXFileReference section */
		1844BBB523EB6C5000A4BF6A /* Recipies.app */ = {isa = PBXFileReference; explicitFileType = wrapper.application; includeInIndex = 0; path = Recipies.app; sourceTree = BUILT_PRODUCTS_DIR; };
		1844BBB823EB6C5000A4BF6A /* AppDelegate.swift */ = {isa = PBXFileReference; lastKnownFileType = sourcecode.swift; path = AppDelegate.swift; sourceTree = "<group>"; };
		1844BBC123EB6C5300A4BF6A /* Assets.xcassets */ = {isa = PBXFileReference; lastKnownFileType = folder.assetcatalog; path = Assets.xcassets; sourceTree = "<group>"; };
		1844BBC423EB6C5300A4BF6A /* Base */ = {isa = PBXFileReference; lastKnownFileType = file.storyboard; name = Base; path = Base.lproj/LaunchScreen.storyboard; sourceTree = "<group>"; };
		1844BBC623EB6C5300A4BF6A /* Info.plist */ = {isa = PBXFileReference; lastKnownFileType = text.plist.xml; path = Info.plist; sourceTree = "<group>"; };
		1844BBCB23EB6C5300A4BF6A /* RecipiesTests.xctest */ = {isa = PBXFileReference; explicitFileType = wrapper.cfbundle; includeInIndex = 0; path = RecipiesTests.xctest; sourceTree = BUILT_PRODUCTS_DIR; };
		1844BBCF23EB6C5300A4BF6A /* RecipiesTests.swift */ = {isa = PBXFileReference; lastKnownFileType = sourcecode.swift; path = RecipiesTests.swift; sourceTree = "<group>"; };
		1844BBD123EB6C5300A4BF6A /* Info.plist */ = {isa = PBXFileReference; lastKnownFileType = text.plist.xml; path = Info.plist; sourceTree = "<group>"; };
		1844BBF023EB6DD000A4BF6A /* StoryboardHelper.swift */ = {isa = PBXFileReference; lastKnownFileType = sourcecode.swift; path = StoryboardHelper.swift; sourceTree = "<group>"; };
		1844BBF423EB6EAD00A4BF6A /* ListPresenter.swift */ = {isa = PBXFileReference; fileEncoding = 4; lastKnownFileType = sourcecode.swift; path = ListPresenter.swift; sourceTree = "<group>"; };
		1844BBF623EB6EAD00A4BF6A /* ListViewController.swift */ = {isa = PBXFileReference; fileEncoding = 4; lastKnownFileType = sourcecode.swift; path = ListViewController.swift; sourceTree = "<group>"; };
		1844BBF723EB6EAD00A4BF6A /* List.storyboard */ = {isa = PBXFileReference; fileEncoding = 4; lastKnownFileType = file.storyboard; path = List.storyboard; sourceTree = "<group>"; };
		1844BBF923EB6EAD00A4BF6A /* ListProtocols.swift */ = {isa = PBXFileReference; fileEncoding = 4; lastKnownFileType = sourcecode.swift; path = ListProtocols.swift; sourceTree = "<group>"; };
		1844BBFB23EB6EAD00A4BF6A /* ListInteractor.swift */ = {isa = PBXFileReference; fileEncoding = 4; lastKnownFileType = sourcecode.swift; path = ListInteractor.swift; sourceTree = "<group>"; };
		1844BBFD23EB6EAD00A4BF6A /* ListRouter.swift */ = {isa = PBXFileReference; fileEncoding = 4; lastKnownFileType = sourcecode.swift; path = ListRouter.swift; sourceTree = "<group>"; };
		1844BC0623EB701900A4BF6A /* RecipeResponse.swift */ = {isa = PBXFileReference; lastKnownFileType = sourcecode.swift; path = RecipeResponse.swift; sourceTree = "<group>"; };
		1844BC0923EB70F000A4BF6A /* RecipeRepository.swift */ = {isa = PBXFileReference; lastKnownFileType = sourcecode.swift; path = RecipeRepository.swift; sourceTree = "<group>"; };
		1844BC0C23EB712C00A4BF6A /* Recipe.swift */ = {isa = PBXFileReference; lastKnownFileType = sourcecode.swift; path = Recipe.swift; sourceTree = "<group>"; };
		1844BC1023EB731500A4BF6A /* MockingRecipeRepository.swift */ = {isa = PBXFileReference; lastKnownFileType = sourcecode.swift; path = MockingRecipeRepository.swift; sourceTree = "<group>"; };
		1844BC1323EB73AE00A4BF6A /* test.json */ = {isa = PBXFileReference; fileEncoding = 4; lastKnownFileType = text.json; path = test.json; sourceTree = "<group>"; };
/* End PBXFileReference section */

/* Begin PBXFrameworksBuildPhase section */
		1844BBB223EB6C5000A4BF6A /* Frameworks */ = {
			isa = PBXFrameworksBuildPhase;
			buildActionMask = 2147483647;
			files = (
			);
			runOnlyForDeploymentPostprocessing = 0;
		};
		1844BBC823EB6C5300A4BF6A /* Frameworks */ = {
			isa = PBXFrameworksBuildPhase;
			buildActionMask = 2147483647;
			files = (
			);
			runOnlyForDeploymentPostprocessing = 0;
		};
/* End PBXFrameworksBuildPhase section */

/* Begin PBXGroup section */
		1844BBAC23EB6C5000A4BF6A = {
			isa = PBXGroup;
			children = (
				1844BBB723EB6C5000A4BF6A /* Recipies */,
				1844BBCE23EB6C5300A4BF6A /* RecipiesTests */,
				1844BBB623EB6C5000A4BF6A /* Products */,
			);
			sourceTree = "<group>";
		};
		1844BBB623EB6C5000A4BF6A /* Products */ = {
			isa = PBXGroup;
			children = (
				1844BBB523EB6C5000A4BF6A /* Recipies.app */,
				1844BBCB23EB6C5300A4BF6A /* RecipiesTests.xctest */,
			);
			name = Products;
			sourceTree = "<group>";
		};
		1844BBB723EB6C5000A4BF6A /* Recipies */ = {
			isa = PBXGroup;
			children = (
				1844BC0823EB70DC00A4BF6A /* RecipeRepository */,
				1844BBF223EB6EAD00A4BF6A /* List */,
				1844BBEF23EB6DB900A4BF6A /* Extensions */,
				1844BBB823EB6C5000A4BF6A /* AppDelegate.swift */,
				1844BBC123EB6C5300A4BF6A /* Assets.xcassets */,
				1844BBC323EB6C5300A4BF6A /* LaunchScreen.storyboard */,
				1844BBC623EB6C5300A4BF6A /* Info.plist */,
			);
			path = Recipies;
			sourceTree = "<group>";
		};
		1844BBCE23EB6C5300A4BF6A /* RecipiesTests */ = {
			isa = PBXGroup;
			children = (
				1844BBCF23EB6C5300A4BF6A /* RecipiesTests.swift */,
				1844BBD123EB6C5300A4BF6A /* Info.plist */,
			);
			path = RecipiesTests;
			sourceTree = "<group>";
		};
		1844BBEF23EB6DB900A4BF6A /* Extensions */ = {
			isa = PBXGroup;
			children = (
				1844BBF023EB6DD000A4BF6A /* StoryboardHelper.swift */,
			);
			path = Extensions;
			sourceTree = "<group>";
		};
		1844BBF223EB6EAD00A4BF6A /* List */ = {
			isa = PBXGroup;
			children = (
				1844BC0423EB700200A4BF6A /* Models */,
				1844BBF323EB6EAD00A4BF6A /* Presenter */,
				1844BBF523EB6EAD00A4BF6A /* View */,
				1844BBF823EB6EAD00A4BF6A /* Protocols */,
				1844BBFA23EB6EAD00A4BF6A /* Interactor */,
				1844BBFC23EB6EAD00A4BF6A /* Router */,
			);
			path = List;
			sourceTree = "<group>";
		};
		1844BBF323EB6EAD00A4BF6A /* Presenter */ = {
			isa = PBXGroup;
			children = (
				1844BBF423EB6EAD00A4BF6A /* ListPresenter.swift */,
			);
			path = Presenter;
			sourceTree = "<group>";
		};
		1844BBF523EB6EAD00A4BF6A /* View */ = {
			isa = PBXGroup;
			children = (
				1844BBF623EB6EAD00A4BF6A /* ListViewController.swift */,
				1844BBF723EB6EAD00A4BF6A /* List.storyboard */,
			);
			path = View;
			sourceTree = "<group>";
		};
		1844BBF823EB6EAD00A4BF6A /* Protocols */ = {
			isa = PBXGroup;
			children = (
				1844BBF923EB6EAD00A4BF6A /* ListProtocols.swift */,
			);
			path = Protocols;
			sourceTree = "<group>";
		};
		1844BBFA23EB6EAD00A4BF6A /* Interactor */ = {
			isa = PBXGroup;
			children = (
				1844BBFB23EB6EAD00A4BF6A /* ListInteractor.swift */,
			);
			path = Interactor;
			sourceTree = "<group>";
		};
		1844BBFC23EB6EAD00A4BF6A /* Router */ = {
			isa = PBXGroup;
			children = (
				1844BBFD23EB6EAD00A4BF6A /* ListRouter.swift */,
			);
			path = Router;
			sourceTree = "<group>";
		};
		1844BC0423EB700200A4BF6A /* Models */ = {
			isa = PBXGroup;
			children = (
				1844BC0B23EB711E00A4BF6A /* Domain */,
				1844BC0523EB700700A4BF6A /* Response */,
			);
			path = Models;
			sourceTree = "<group>";
		};
		1844BC0523EB700700A4BF6A /* Response */ = {
			isa = PBXGroup;
			children = (
				1844BC0623EB701900A4BF6A /* RecipeResponse.swift */,
			);
			path = Response;
			sourceTree = "<group>";
		};
		1844BC0823EB70DC00A4BF6A /* RecipeRepository */ = {
			isa = PBXGroup;
			children = (
				1844BC1223EB739500A4BF6A /* MockingRepository */,
				1844BC0923EB70F000A4BF6A /* RecipeRepository.swift */,
				1844BC1023EB731500A4BF6A /* MockingRecipeRepository.swift */,
			);
			path = RecipeRepository;
			sourceTree = "<group>";
		};
		1844BC0B23EB711E00A4BF6A /* Domain */ = {
			isa = PBXGroup;
			children = (
				1844BC0C23EB712C00A4BF6A /* Recipe.swift */,
			);
			path = Domain;
			sourceTree = "<group>";
		};
		1844BC1223EB739500A4BF6A /* MockingRepository */ = {
			isa = PBXGroup;
			children = (
				1844BC1323EB73AE00A4BF6A /* test.json */,
			);
			path = MockingRepository;
			sourceTree = "<group>";
		};
/* End PBXGroup section */

/* Begin PBXNativeTarget section */
		1844BBB423EB6C5000A4BF6A /* Recipies */ = {
			isa = PBXNativeTarget;
			buildConfigurationList = 1844BBD423EB6C5300A4BF6A /* Build configuration list for PBXNativeTarget "Recipies" */;
			buildPhases = (
				1844BBB123EB6C5000A4BF6A /* Sources */,
				1844BBB223EB6C5000A4BF6A /* Frameworks */,
				1844BBB323EB6C5000A4BF6A /* Resources */,
			);
			buildRules = (
			);
			dependencies = (
			);
			name = Recipies;
			productName = Recipies;
			productReference = 1844BBB523EB6C5000A4BF6A /* Recipies.app */;
			productType = "com.apple.product-type.application";
		};
		1844BBCA23EB6C5300A4BF6A /* RecipiesTests */ = {
			isa = PBXNativeTarget;
			buildConfigurationList = 1844BBD723EB6C5300A4BF6A /* Build configuration list for PBXNativeTarget "RecipiesTests" */;
			buildPhases = (
				1844BBC723EB6C5300A4BF6A /* Sources */,
				1844BBC823EB6C5300A4BF6A /* Frameworks */,
				1844BBC923EB6C5300A4BF6A /* Resources */,
			);
			buildRules = (
			);
			dependencies = (
				1844BBCD23EB6C5300A4BF6A /* PBXTargetDependency */,
			);
			name = RecipiesTests;
			productName = RecipiesTests;
			productReference = 1844BBCB23EB6C5300A4BF6A /* RecipiesTests.xctest */;
			productType = "com.apple.product-type.bundle.unit-test";
		};
/* End PBXNativeTarget section */

/* Begin PBXProject section */
		1844BBAD23EB6C5000A4BF6A /* Project object */ = {
			isa = PBXProject;
			attributes = {
				LastSwiftUpdateCheck = 1130;
				LastUpgradeCheck = 1130;
				ORGANIZATIONNAME = "Aaron Huánuco";
				TargetAttributes = {
					1844BBB423EB6C5000A4BF6A = {
						CreatedOnToolsVersion = 11.3.1;
					};
					1844BBCA23EB6C5300A4BF6A = {
						CreatedOnToolsVersion = 11.3.1;
						TestTargetID = 1844BBB423EB6C5000A4BF6A;
					};
				};
			};
			buildConfigurationList = 1844BBB023EB6C5000A4BF6A /* Build configuration list for PBXProject "Recipies" */;
			compatibilityVersion = "Xcode 9.3";
			developmentRegion = en;
			hasScannedForEncodings = 0;
			knownRegions = (
				en,
				Base,
			);
			mainGroup = 1844BBAC23EB6C5000A4BF6A;
			productRefGroup = 1844BBB623EB6C5000A4BF6A /* Products */;
			projectDirPath = "";
			projectRoot = "";
			targets = (
				1844BBB423EB6C5000A4BF6A /* Recipies */,
				1844BBCA23EB6C5300A4BF6A /* RecipiesTests */,
			);
		};
/* End PBXProject section */

/* Begin PBXResourcesBuildPhase section */
		1844BBB323EB6C5000A4BF6A /* Resources */ = {
			isa = PBXResourcesBuildPhase;
			buildActionMask = 2147483647;
			files = (
				1844BBC523EB6C5300A4BF6A /* LaunchScreen.storyboard in Resources */,
				1844BC1423EB73AE00A4BF6A /* test.json in Resources */,
				1844BC0023EB6EAD00A4BF6A /* List.storyboard in Resources */,
				1844BBC223EB6C5300A4BF6A /* Assets.xcassets in Resources */,
			);
			runOnlyForDeploymentPostprocessing = 0;
		};
		1844BBC923EB6C5300A4BF6A /* Resources */ = {
			isa = PBXResourcesBuildPhase;
			buildActionMask = 2147483647;
			files = (
			);
			runOnlyForDeploymentPostprocessing = 0;
		};
/* End PBXResourcesBuildPhase section */

/* Begin PBXSourcesBuildPhase section */
		1844BBB123EB6C5000A4BF6A /* Sources */ = {
			isa = PBXSourcesBuildPhase;
			buildActionMask = 2147483647;
			files = (
				1844BC0223EB6EAD00A4BF6A /* ListInteractor.swift in Sources */,
				1844BC0323EB6EAD00A4BF6A /* ListRouter.swift in Sources */,
				1844BBB923EB6C5000A4BF6A /* AppDelegate.swift in Sources */,
				1844BBFE23EB6EAD00A4BF6A /* ListPresenter.swift in Sources */,
				1844BC1123EB731500A4BF6A /* MockingRecipeRepository.swift in Sources */,
				1844BC0A23EB70F000A4BF6A /* RecipeRepository.swift in Sources */,
				1844BBFF23EB6EAD00A4BF6A /* ListViewController.swift in Sources */,
				1844BC0123EB6EAD00A4BF6A /* ListProtocols.swift in Sources */,
				1844BC0723EB701900A4BF6A /* RecipeResponse.swift in Sources */,
				1844BBF123EB6DD000A4BF6A /* StoryboardHelper.swift in Sources */,
				1844BC0D23EB712C00A4BF6A /* Recipe.swift in Sources */,
			);
			runOnlyForDeploymentPostprocessing = 0;
		};
		1844BBC723EB6C5300A4BF6A /* Sources */ = {
			isa = PBXSourcesBuildPhase;
			buildActionMask = 2147483647;
			files = (
				1844BBD023EB6C5300A4BF6A /* RecipiesTests.swift in Sources */,
			);
			runOnlyForDeploymentPostprocessing = 0;
		};
/* End PBXSourcesBuildPhase section */

/* Begin PBXTargetDependency section */
		1844BBCD23EB6C5300A4BF6A /* PBXTargetDependency */ = {
			isa = PBXTargetDependency;
			target = 1844BBB423EB6C5000A4BF6A /* Recipies */;
			targetProxy = 1844BBCC23EB6C5300A4BF6A /* PBXContainerItemProxy */;
		};
/* End PBXTargetDependency section */

/* Begin PBXVariantGroup section */
		1844BBC323EB6C5300A4BF6A /* LaunchScreen.storyboard */ = {
			isa = PBXVariantGroup;
			children = (
				1844BBC423EB6C5300A4BF6A /* Base */,
			);
			name = LaunchScreen.storyboard;
			sourceTree = "<group>";
		};
/* End PBXVariantGroup section */

/* Begin XCBuildConfiguration section */
		1844BBD223EB6C5300A4BF6A /* Debug */ = {
			isa = XCBuildConfiguration;
			buildSettings = {
				ALWAYS_SEARCH_USER_PATHS = NO;
				CLANG_ANALYZER_NONNULL = YES;
				CLANG_ANALYZER_NUMBER_OBJECT_CONVERSION = YES_AGGRESSIVE;
				CLANG_CXX_LANGUAGE_STANDARD = "gnu++14";
				CLANG_CXX_LIBRARY = "libc++";
				CLANG_ENABLE_MODULES = YES;
				CLANG_ENABLE_OBJC_ARC = YES;
				CLANG_ENABLE_OBJC_WEAK = YES;
				CLANG_WARN_BLOCK_CAPTURE_AUTORELEASING = YES;
				CLANG_WARN_BOOL_CONVERSION = YES;
				CLANG_WARN_COMMA = YES;
				CLANG_WARN_CONSTANT_CONVERSION = YES;
				CLANG_WARN_DEPRECATED_OBJC_IMPLEMENTATIONS = YES;
				CLANG_WARN_DIRECT_OBJC_ISA_USAGE = YES_ERROR;
				CLANG_WARN_DOCUMENTATION_COMMENTS = YES;
				CLANG_WARN_EMPTY_BODY = YES;
				CLANG_WARN_ENUM_CONVERSION = YES;
				CLANG_WARN_INFINITE_RECURSION = YES;
				CLANG_WARN_INT_CONVERSION = YES;
				CLANG_WARN_NON_LITERAL_NULL_CONVERSION = YES;
				CLANG_WARN_OBJC_IMPLICIT_RETAIN_SELF = YES;
				CLANG_WARN_OBJC_LITERAL_CONVERSION = YES;
				CLANG_WARN_OBJC_ROOT_CLASS = YES_ERROR;
				CLANG_WARN_RANGE_LOOP_ANALYSIS = YES;
				CLANG_WARN_STRICT_PROTOTYPES = YES;
				CLANG_WARN_SUSPICIOUS_MOVE = YES;
				CLANG_WARN_UNGUARDED_AVAILABILITY = YES_AGGRESSIVE;
				CLANG_WARN_UNREACHABLE_CODE = YES;
				CLANG_WARN__DUPLICATE_METHOD_MATCH = YES;
				COPY_PHASE_STRIP = NO;
				DEBUG_INFORMATION_FORMAT = dwarf;
				ENABLE_STRICT_OBJC_MSGSEND = YES;
				ENABLE_TESTABILITY = YES;
				GCC_C_LANGUAGE_STANDARD = gnu11;
				GCC_DYNAMIC_NO_PIC = NO;
				GCC_NO_COMMON_BLOCKS = YES;
				GCC_OPTIMIZATION_LEVEL = 0;
				GCC_PREPROCESSOR_DEFINITIONS = (
					"DEBUG=1",
					"$(inherited)",
				);
				GCC_WARN_64_TO_32_BIT_CONVERSION = YES;
				GCC_WARN_ABOUT_RETURN_TYPE = YES_ERROR;
				GCC_WARN_UNDECLARED_SELECTOR = YES;
				GCC_WARN_UNINITIALIZED_AUTOS = YES_AGGRESSIVE;
				GCC_WARN_UNUSED_FUNCTION = YES;
				GCC_WARN_UNUSED_VARIABLE = YES;
				IPHONEOS_DEPLOYMENT_TARGET = 13.2;
				MTL_ENABLE_DEBUG_INFO = INCLUDE_SOURCE;
				MTL_FAST_MATH = YES;
				ONLY_ACTIVE_ARCH = YES;
				SDKROOT = iphoneos;
				SWIFT_ACTIVE_COMPILATION_CONDITIONS = DEBUG;
				SWIFT_OPTIMIZATION_LEVEL = "-Onone";
			};
			name = Debug;
		};
		1844BBD323EB6C5300A4BF6A /* Release */ = {
			isa = XCBuildConfiguration;
			buildSettings = {
				ALWAYS_SEARCH_USER_PATHS = NO;
				CLANG_ANALYZER_NONNULL = YES;
				CLANG_ANALYZER_NUMBER_OBJECT_CONVERSION = YES_AGGRESSIVE;
				CLANG_CXX_LANGUAGE_STANDARD = "gnu++14";
				CLANG_CXX_LIBRARY = "libc++";
				CLANG_ENABLE_MODULES = YES;
				CLANG_ENABLE_OBJC_ARC = YES;
				CLANG_ENABLE_OBJC_WEAK = YES;
				CLANG_WARN_BLOCK_CAPTURE_AUTORELEASING = YES;
				CLANG_WARN_BOOL_CONVERSION = YES;
				CLANG_WARN_COMMA = YES;
				CLANG_WARN_CONSTANT_CONVERSION = YES;
				CLANG_WARN_DEPRECATED_OBJC_IMPLEMENTATIONS = YES;
				CLANG_WARN_DIRECT_OBJC_ISA_USAGE = YES_ERROR;
				CLANG_WARN_DOCUMENTATION_COMMENTS = YES;
				CLANG_WARN_EMPTY_BODY = YES;
				CLANG_WARN_ENUM_CONVERSION = YES;
				CLANG_WARN_INFINITE_RECURSION = YES;
				CLANG_WARN_INT_CONVERSION = YES;
				CLANG_WARN_NON_LITERAL_NULL_CONVERSION = YES;
				CLANG_WARN_OBJC_IMPLICIT_RETAIN_SELF = YES;
				CLANG_WARN_OBJC_LITERAL_CONVERSION = YES;
				CLANG_WARN_OBJC_ROOT_CLASS = YES_ERROR;
				CLANG_WARN_RANGE_LOOP_ANALYSIS = YES;
				CLANG_WARN_STRICT_PROTOTYPES = YES;
				CLANG_WARN_SUSPICIOUS_MOVE = YES;
				CLANG_WARN_UNGUARDED_AVAILABILITY = YES_AGGRESSIVE;
				CLANG_WARN_UNREACHABLE_CODE = YES;
				CLANG_WARN__DUPLICATE_METHOD_MATCH = YES;
				COPY_PHASE_STRIP = NO;
				DEBUG_INFORMATION_FORMAT = "dwarf-with-dsym";
				ENABLE_NS_ASSERTIONS = NO;
				ENABLE_STRICT_OBJC_MSGSEND = YES;
				GCC_C_LANGUAGE_STANDARD = gnu11;
				GCC_NO_COMMON_BLOCKS = YES;
				GCC_WARN_64_TO_32_BIT_CONVERSION = YES;
				GCC_WARN_ABOUT_RETURN_TYPE = YES_ERROR;
				GCC_WARN_UNDECLARED_SELECTOR = YES;
				GCC_WARN_UNINITIALIZED_AUTOS = YES_AGGRESSIVE;
				GCC_WARN_UNUSED_FUNCTION = YES;
				GCC_WARN_UNUSED_VARIABLE = YES;
				IPHONEOS_DEPLOYMENT_TARGET = 13.2;
				MTL_ENABLE_DEBUG_INFO = NO;
				MTL_FAST_MATH = YES;
				SDKROOT = iphoneos;
				SWIFT_COMPILATION_MODE = wholemodule;
				SWIFT_OPTIMIZATION_LEVEL = "-O";
				VALIDATE_PRODUCT = YES;
			};
			name = Release;
		};
		1844BBD523EB6C5300A4BF6A /* Debug */ = {
			isa = XCBuildConfiguration;
			buildSettings = {
				ASSETCATALOG_COMPILER_APPICON_NAME = AppIcon;
				CODE_SIGN_STYLE = Automatic;
				DEVELOPMENT_TEAM = TXH9ALPT83;
				INFOPLIST_FILE = Recipies/Info.plist;
				LD_RUNPATH_SEARCH_PATHS = (
					"$(inherited)",
					"@executable_path/Frameworks",
				);
				PRODUCT_BUNDLE_IDENTIFIER = aaronmhr.Recipies;
				PRODUCT_NAME = "$(TARGET_NAME)";
				SWIFT_VERSION = 5.0;
				TARGETED_DEVICE_FAMILY = "1,2";
			};
			name = Debug;
		};
		1844BBD623EB6C5300A4BF6A /* Release */ = {
			isa = XCBuildConfiguration;
			buildSettings = {
				ASSETCATALOG_COMPILER_APPICON_NAME = AppIcon;
				CODE_SIGN_STYLE = Automatic;
				DEVELOPMENT_TEAM = TXH9ALPT83;
				INFOPLIST_FILE = Recipies/Info.plist;
				LD_RUNPATH_SEARCH_PATHS = (
					"$(inherited)",
					"@executable_path/Frameworks",
				);
				PRODUCT_BUNDLE_IDENTIFIER = aaronmhr.Recipies;
				PRODUCT_NAME = "$(TARGET_NAME)";
				SWIFT_VERSION = 5.0;
				TARGETED_DEVICE_FAMILY = "1,2";
			};
			name = Release;
		};
		1844BBD823EB6C5300A4BF6A /* Debug */ = {
			isa = XCBuildConfiguration;
			buildSettings = {
				ALWAYS_EMBED_SWIFT_STANDARD_LIBRARIES = YES;
				BUNDLE_LOADER = "$(TEST_HOST)";
				CODE_SIGN_STYLE = Automatic;
				DEVELOPMENT_TEAM = TXH9ALPT83;
				INFOPLIST_FILE = RecipiesTests/Info.plist;
				IPHONEOS_DEPLOYMENT_TARGET = 13.2;
				LD_RUNPATH_SEARCH_PATHS = (
					"$(inherited)",
					"@executable_path/Frameworks",
					"@loader_path/Frameworks",
				);
				PRODUCT_BUNDLE_IDENTIFIER = aaronmhr.RecipiesTests;
				PRODUCT_NAME = "$(TARGET_NAME)";
				SWIFT_VERSION = 5.0;
				TARGETED_DEVICE_FAMILY = "1,2";
				TEST_HOST = "$(BUILT_PRODUCTS_DIR)/Recipies.app/Recipies";
			};
			name = Debug;
		};
		1844BBD923EB6C5300A4BF6A /* Release */ = {
			isa = XCBuildConfiguration;
			buildSettings = {
				ALWAYS_EMBED_SWIFT_STANDARD_LIBRARIES = YES;
				BUNDLE_LOADER = "$(TEST_HOST)";
				CODE_SIGN_STYLE = Automatic;
				DEVELOPMENT_TEAM = TXH9ALPT83;
				INFOPLIST_FILE = RecipiesTests/Info.plist;
				IPHONEOS_DEPLOYMENT_TARGET = 13.2;
				LD_RUNPATH_SEARCH_PATHS = (
					"$(inherited)",
					"@executable_path/Frameworks",
					"@loader_path/Frameworks",
				);
				PRODUCT_BUNDLE_IDENTIFIER = aaronmhr.RecipiesTests;
				PRODUCT_NAME = "$(TARGET_NAME)";
				SWIFT_VERSION = 5.0;
				TARGETED_DEVICE_FAMILY = "1,2";
				TEST_HOST = "$(BUILT_PRODUCTS_DIR)/Recipies.app/Recipies";
			};
			name = Release;
		};
/* End XCBuildConfiguration section */

/* Begin XCConfigurationList section */
		1844BBB023EB6C5000A4BF6A /* Build configuration list for PBXProject "Recipies" */ = {
			isa = XCConfigurationList;
			buildConfigurations = (
				1844BBD223EB6C5300A4BF6A /* Debug */,
				1844BBD323EB6C5300A4BF6A /* Release */,
			);
			defaultConfigurationIsVisible = 0;
			defaultConfigurationName = Release;
		};
		1844BBD423EB6C5300A4BF6A /* Build configuration list for PBXNativeTarget "Recipies" */ = {
			isa = XCConfigurationList;
			buildConfigurations = (
				1844BBD523EB6C5300A4BF6A /* Debug */,
				1844BBD623EB6C5300A4BF6A /* Release */,
			);
			defaultConfigurationIsVisible = 0;
			defaultConfigurationName = Release;
		};
		1844BBD723EB6C5300A4BF6A /* Build configuration list for PBXNativeTarget "RecipiesTests" */ = {
			isa = XCConfigurationList;
			buildConfigurations = (
				1844BBD823EB6C5300A4BF6A /* Debug */,
				1844BBD923EB6C5300A4BF6A /* Release */,
			);
			defaultConfigurationIsVisible = 0;
			defaultConfigurationName = Release;
		};
/* End XCConfigurationList section */
	};
	rootObject = 1844BBAD23EB6C5000A4BF6A /* Project object */;
}
